// !$*UTF8*$!
{
	archiveVersion = 1;
	classes = {
	};
	objectVersion = 46;
	objects = {

/* Begin PBXBuildFile section */
		0C057B971E67EB1E00B7A9CC /* Images.xcassets in Resources */ = {isa = PBXBuildFile; fileRef = 0C057B961E67EB1E00B7A9CC /* Images.xcassets */; };
		0C057BA61E67EBF000B7A9CC /* Info.plist in Resources */ = {isa = PBXBuildFile; fileRef = 0C057BA21E67EBF000B7A9CC /* Info.plist */; };
		0C057BA71E67EBF000B7A9CC /* main.m in Sources */ = {isa = PBXBuildFile; fileRef = 0C057BA31E67EBF000B7A9CC /* main.m */; };
		0C057BA81E67EBF000B7A9CC /* QMAppDelegate.m in Sources */ = {isa = PBXBuildFile; fileRef = 0C057BA51E67EBF000B7A9CC /* QMAppDelegate.m */; };
		0C057BE11E67ECCF00B7A9CC /* MKAnnotationView+WebCache.m in Sources */ = {isa = PBXBuildFile; fileRef = 0C057BB31E67ECCF00B7A9CC /* MKAnnotationView+WebCache.m */; };
		0C057BE21E67ECCF00B7A9CC /* NSData+ImageContentType.m in Sources */ = {isa = PBXBuildFile; fileRef = 0C057BB51E67ECCF00B7A9CC /* NSData+ImageContentType.m */; };
		0C057BE31E67ECCF00B7A9CC /* SDImageCache.m in Sources */ = {isa = PBXBuildFile; fileRef = 0C057BB71E67ECCF00B7A9CC /* SDImageCache.m */; };
		0C057BE41E67ECCF00B7A9CC /* SDWebImageCompat.m in Sources */ = {isa = PBXBuildFile; fileRef = 0C057BB91E67ECCF00B7A9CC /* SDWebImageCompat.m */; };
		0C057BE51E67ECCF00B7A9CC /* SDWebImageDecoder.m in Sources */ = {isa = PBXBuildFile; fileRef = 0C057BBB1E67ECCF00B7A9CC /* SDWebImageDecoder.m */; };
		0C057BE61E67ECCF00B7A9CC /* SDWebImageDownloader.m in Sources */ = {isa = PBXBuildFile; fileRef = 0C057BBD1E67ECCF00B7A9CC /* SDWebImageDownloader.m */; };
		0C057BE71E67ECCF00B7A9CC /* SDWebImageDownloaderOperation.m in Sources */ = {isa = PBXBuildFile; fileRef = 0C057BBF1E67ECCF00B7A9CC /* SDWebImageDownloaderOperation.m */; };
		0C057BE81E67ECCF00B7A9CC /* SDWebImageManager.m in Sources */ = {isa = PBXBuildFile; fileRef = 0C057BC11E67ECCF00B7A9CC /* SDWebImageManager.m */; };
		0C057BE91E67ECCF00B7A9CC /* SDWebImagePrefetcher.m in Sources */ = {isa = PBXBuildFile; fileRef = 0C057BC41E67ECCF00B7A9CC /* SDWebImagePrefetcher.m */; };
		0C057BEA1E67ECCF00B7A9CC /* UIButton+WebCache.m in Sources */ = {isa = PBXBuildFile; fileRef = 0C057BC61E67ECCF00B7A9CC /* UIButton+WebCache.m */; };
		0C057BEB1E67ECCF00B7A9CC /* UIImage+GIF.m in Sources */ = {isa = PBXBuildFile; fileRef = 0C057BC81E67ECCF00B7A9CC /* UIImage+GIF.m */; };
		0C057BEC1E67ECCF00B7A9CC /* UIImage+MultiFormat.m in Sources */ = {isa = PBXBuildFile; fileRef = 0C057BCA1E67ECCF00B7A9CC /* UIImage+MultiFormat.m */; };
		0C057BED1E67ECCF00B7A9CC /* UIImage+WebP.m in Sources */ = {isa = PBXBuildFile; fileRef = 0C057BCC1E67ECCF00B7A9CC /* UIImage+WebP.m */; };
		0C057BEE1E67ECCF00B7A9CC /* UIImageView+HighlightedWebCache.m in Sources */ = {isa = PBXBuildFile; fileRef = 0C057BCE1E67ECCF00B7A9CC /* UIImageView+HighlightedWebCache.m */; };
		0C057BEF1E67ECCF00B7A9CC /* UIImageView+WebCache.m in Sources */ = {isa = PBXBuildFile; fileRef = 0C057BD01E67ECCF00B7A9CC /* UIImageView+WebCache.m */; };
		0C057BF01E67ECCF00B7A9CC /* UIView+WebCacheOperation.m in Sources */ = {isa = PBXBuildFile; fileRef = 0C057BD21E67ECCF00B7A9CC /* UIView+WebCacheOperation.m */; };
		0C057BF11E67ECCF00B7A9CC /* AFHTTPSessionManager.m in Sources */ = {isa = PBXBuildFile; fileRef = 0C057BD51E67ECCF00B7A9CC /* AFHTTPSessionManager.m */; };
		0C057BF21E67ECCF00B7A9CC /* AFNetworkReachabilityManager.m in Sources */ = {isa = PBXBuildFile; fileRef = 0C057BD81E67ECCF00B7A9CC /* AFNetworkReachabilityManager.m */; };
		0C057BF31E67ECCF00B7A9CC /* AFSecurityPolicy.m in Sources */ = {isa = PBXBuildFile; fileRef = 0C057BDA1E67ECCF00B7A9CC /* AFSecurityPolicy.m */; };
		0C057BF41E67ECCF00B7A9CC /* AFURLRequestSerialization.m in Sources */ = {isa = PBXBuildFile; fileRef = 0C057BDC1E67ECCF00B7A9CC /* AFURLRequestSerialization.m */; };
		0C057BF51E67ECCF00B7A9CC /* AFURLResponseSerialization.m in Sources */ = {isa = PBXBuildFile; fileRef = 0C057BDE1E67ECCF00B7A9CC /* AFURLResponseSerialization.m */; };
		0C057BF61E67ECCF00B7A9CC /* AFURLSessionManager.m in Sources */ = {isa = PBXBuildFile; fileRef = 0C057BE01E67ECCF00B7A9CC /* AFURLSessionManager.m */; };
		0C057BFF1E67F42F00B7A9CC /* QMHttpTool.m in Sources */ = {isa = PBXBuildFile; fileRef = 0C057BFE1E67F42F00B7A9CC /* QMHttpTool.m */; };
		0C057C0E1E67F5CF00B7A9CC /* UIView+Extension.m in Sources */ = {isa = PBXBuildFile; fileRef = 0C057C061E67F5CF00B7A9CC /* UIView+Extension.m */; };
		0C057C0F1E67F5CF00B7A9CC /* UIView+Extention.m in Sources */ = {isa = PBXBuildFile; fileRef = 0C057C081E67F5CF00B7A9CC /* UIView+Extention.m */; };
		0C057C101E67F5CF00B7A9CC /* UIView+Toast.m in Sources */ = {isa = PBXBuildFile; fileRef = 0C057C0B1E67F5CF00B7A9CC /* UIView+Toast.m */; };
		0C057C111E67F5CF00B7A9CC /* UIView+SubView.m in Sources */ = {isa = PBXBuildFile; fileRef = 0C057C0D1E67F5CF00B7A9CC /* UIView+SubView.m */; };
		0C057C271E67FBA600B7A9CC /* QMBaseViewController.m in Sources */ = {isa = PBXBuildFile; fileRef = 0C057C221E67FBA600B7A9CC /* QMBaseViewController.m */; };
		0C057C281E67FBA600B7A9CC /* QMMainViewController.m in Sources */ = {isa = PBXBuildFile; fileRef = 0C057C241E67FBA600B7A9CC /* QMMainViewController.m */; };
		0C057C291E67FBA600B7A9CC /* QMNavigationController.m in Sources */ = {isa = PBXBuildFile; fileRef = 0C057C261E67FBA600B7A9CC /* QMNavigationController.m */; };
		0C057C2F1E67FBD700B7A9CC /* QMSettingViewController.m in Sources */ = {isa = PBXBuildFile; fileRef = 0C057C2E1E67FBD700B7A9CC /* QMSettingViewController.m */; };
		0C0E25241E72554600758ABA /* QMRootTopBarViewController.m in Sources */ = {isa = PBXBuildFile; fileRef = 0C0E25231E72554600758ABA /* QMRootTopBarViewController.m */; };
		0C0E25271E72586F00758ABA /* QMAudioPlayerViewController.m in Sources */ = {isa = PBXBuildFile; fileRef = 0C0E25261E72586F00758ABA /* QMAudioPlayerViewController.m */; };
		0C0E252B1E7258B600758ABA /* BETouchView.m in Sources */ = {isa = PBXBuildFile; fileRef = 0C0E252A1E7258B600758ABA /* BETouchView.m */; };
		0C0E252E1E7279B300758ABA /* QMMiniPlayerPlayButton.m in Sources */ = {isa = PBXBuildFile; fileRef = 0C0E252D1E7279B300758ABA /* QMMiniPlayerPlayButton.m */; };
		0C0E25341E728C7900758ABA /* AudioPlayManager.m in Sources */ = {isa = PBXBuildFile; fileRef = 0C0E25331E728C7900758ABA /* AudioPlayManager.m */; };
		0C1AB0CE1E7FC36200AF88F9 /* LibMusicBannerCell.m in Sources */ = {isa = PBXBuildFile; fileRef = 0C1AB0CD1E7FC36200AF88F9 /* LibMusicBannerCell.m */; };
		0C1AB0D11E7FC37C00AF88F9 /* LibMusicGridNumCell.m in Sources */ = {isa = PBXBuildFile; fileRef = 0C1AB0D01E7FC37C00AF88F9 /* LibMusicGridNumCell.m */; };
		0C1AB0D41E7FC3BB00AF88F9 /* LibMusicHotRecommendCell.m in Sources */ = {isa = PBXBuildFile; fileRef = 0C1AB0D31E7FC3BB00AF88F9 /* LibMusicHotRecommendCell.m */; };
		0C1AB0D71E7FC3D900AF88F9 /* LibMusicDayRecommendCell.m in Sources */ = {isa = PBXBuildFile; fileRef = 0C1AB0D61E7FC3D900AF88F9 /* LibMusicDayRecommendCell.m */; };
		0C1AB0DA1E7FC43900AF88F9 /* LibMusicNewExpressCell.m in Sources */ = {isa = PBXBuildFile; fileRef = 0C1AB0D91E7FC43900AF88F9 /* LibMusicNewExpressCell.m */; };
		0C1AB0DD1E7FD38600AF88F9 /* QMMusicSingerViewController.m in Sources */ = {isa = PBXBuildFile; fileRef = 0C1AB0DC1E7FD38600AF88F9 /* QMMusicSingerViewController.m */; };
		0C1AB0E01E7FDE9500AF88F9 /* SingerCell.m in Sources */ = {isa = PBXBuildFile; fileRef = 0C1AB0DF1E7FDE9500AF88F9 /* SingerCell.m */; };
		0C2B2AC51E779194006D0378 /* QMDataSourceTool.m in Sources */ = {isa = PBXBuildFile; fileRef = 0C2B2AC41E779194006D0378 /* QMDataSourceTool.m */; };
		0C2B2ACB1E779C61006D0378 /* libxml2.tbd in Frameworks */ = {isa = PBXBuildFile; fileRef = 0C2B2AC91E779A3F006D0378 /* libxml2.tbd */; };
		0C5FC1281E8369A3000977F6 /* QMPlaySlider.m in Sources */ = {isa = PBXBuildFile; fileRef = 0C5FC1271E8369A3000977F6 /* QMPlaySlider.m */; };
		0C8871E21E69440600A2D295 /* QMContainersViewController.m in Sources */ = {isa = PBXBuildFile; fileRef = 0C8871E11E69440600A2D295 /* QMContainersViewController.m */; };
		0C8871E51E69441F00A2D295 /* QMLeftMenuViewController.m in Sources */ = {isa = PBXBuildFile; fileRef = 0C8871E41E69441F00A2D295 /* QMLeftMenuViewController.m */; };
		0CB0CD501E7B958F001F7D9B /* JKBigDecimal.m in Sources */ = {isa = PBXBuildFile; fileRef = 0CB0CD481E7B958F001F7D9B /* JKBigDecimal.m */; };
		0CB0CD511E7B958F001F7D9B /* JKBigInteger.m in Sources */ = {isa = PBXBuildFile; fileRef = 0CB0CD4A1E7B958F001F7D9B /* JKBigInteger.m */; };
		0CB0CD521E7B958F001F7D9B /* tommath.m in Sources */ = {isa = PBXBuildFile; fileRef = 0CB0CD4C1E7B958F001F7D9B /* tommath.m */; };
		0CB0CD551E7B9739001F7D9B /* NSObject+Category.m in Sources */ = {isa = PBXBuildFile; fileRef = 0CB0CD541E7B9739001F7D9B /* NSObject+Category.m */; };
		0CB0CD581E7BB8D7001F7D9B /* LRCParser.m in Sources */ = {isa = PBXBuildFile; fileRef = 0CB0CD571E7BB8D7001F7D9B /* LRCParser.m */; };
		0CB0CD5B1E7BBCBE001F7D9B /* NSString+Validate.m in Sources */ = {isa = PBXBuildFile; fileRef = 0CB0CD5A1E7BBCBE001F7D9B /* NSString+Validate.m */; };
		0CB0CD611E7BC881001F7D9B /* QMImageRoundButton.m in Sources */ = {isa = PBXBuildFile; fileRef = 0CB0CD601E7BC881001F7D9B /* QMImageRoundButton.m */; };
		0CB0CD641E7BCF02001F7D9B /* MyMusicUserInfoCollectionCell.m in Sources */ = {isa = PBXBuildFile; fileRef = 0CB0CD631E7BCF02001F7D9B /* MyMusicUserInfoCollectionCell.m */; };
		0CB0CD671E7BCF65001F7D9B /* MyMusicGridNumCell.m in Sources */ = {isa = PBXBuildFile; fileRef = 0CB0CD661E7BCF65001F7D9B /* MyMusicGridNumCell.m */; };
		0CB0CD6A1E7BCF90001F7D9B /* MyMusicGuessiLikeCollectionCell.m in Sources */ = {isa = PBXBuildFile; fileRef = 0CB0CD691E7BCF90001F7D9B /* MyMusicGuessiLikeCollectionCell.m */; };
		0CB0CD6D1E7BCFA1001F7D9B /* MyMusicTitleCell.m in Sources */ = {isa = PBXBuildFile; fileRef = 0CB0CD6C1E7BCFA1001F7D9B /* MyMusicTitleCell.m */; };
		0CB0CD701E7BD190001F7D9B /* UIColor+Category.m in Sources */ = {isa = PBXBuildFile; fileRef = 0CB0CD6F1E7BD190001F7D9B /* UIColor+Category.m */; };
		0CB0CD741E7BD6D6001F7D9B /* LocalDataSource.m in Sources */ = {isa = PBXBuildFile; fileRef = 0CB0CD731E7BD6D6001F7D9B /* LocalDataSource.m */; };
		0CBDC1D91E7A309F00CC5387 /* QMMusicCenterRequest.m in Sources */ = {isa = PBXBuildFile; fileRef = 0CBDC1D81E7A309F00CC5387 /* QMMusicCenterRequest.m */; };
		0CBDC1DC1E7A33C000CC5387 /* SecurityUtil.m in Sources */ = {isa = PBXBuildFile; fileRef = 0CBDC1DA1E7A33C000CC5387 /* SecurityUtil.m */; };
		0CBDC1E51E7A78AA00CC5387 /* NSString+Category.m in Sources */ = {isa = PBXBuildFile; fileRef = 0CBDC1E41E7A78AA00CC5387 /* NSString+Category.m */; };
		0CCA83F41E81248B00176D0C /* QMMusicRankingViewController.m in Sources */ = {isa = PBXBuildFile; fileRef = 0CCA83F31E81248B00176D0C /* QMMusicRankingViewController.m */; };
		0CCA83FA1E81291200176D0C /* QMMusicRankingListViewController.m in Sources */ = {isa = PBXBuildFile; fileRef = 0CCA83F91E81291200176D0C /* QMMusicRankingListViewController.m */; };
		0CDA96D41E778E3100DF8EEC /* BENoTouchView.m in Sources */ = {isa = PBXBuildFile; fileRef = 0CDA96D31E778E3100DF8EEC /* BENoTouchView.m */; };
		0CE78D431E6E4BD600628F55 /* AFAudioRouter.m in Sources */ = {isa = PBXBuildFile; fileRef = 0CE78D401E6E4BD600628F55 /* AFAudioRouter.m */; };
		0CE78D441E6E4BD600628F55 /* AFSoundManager.m in Sources */ = {isa = PBXBuildFile; fileRef = 0CE78D421E6E4BD600628F55 /* AFSoundManager.m */; };
		0CEB3D891E78E22500B726FA /* GCDAsyncUdpSocket.m in Sources */ = {isa = PBXBuildFile; fileRef = 0CEB3D881E78E22500B726FA /* GCDAsyncUdpSocket.m */; };
		0CEB3D981E78E25500B726FA /* GTMBase64.m in Sources */ = {isa = PBXBuildFile; fileRef = 0CEB3D8C1E78E25500B726FA /* GTMBase64.m */; };
		0CEB3D9B1E78E25600B726FA /* NSData+NSData_AES.m in Sources */ = {isa = PBXBuildFile; fileRef = 0CEB3D931E78E25500B726FA /* NSData+NSData_AES.m */; };
		0CEB3D9C1E78E25600B726FA /* NuRSAKey.m in Sources */ = {isa = PBXBuildFile; fileRef = 0CEB3D951E78E25500B726FA /* NuRSAKey.m */; };
		0CEB3D9D1E78E25600B726FA /* RSA.m in Sources */ = {isa = PBXBuildFile; fileRef = 0CEB3D971E78E25500B726FA /* RSA.m */; };
		0CEB3DA01E78E33F00B726FA /* QMCaptureTool.m in Sources */ = {isa = PBXBuildFile; fileRef = 0CEB3D9F1E78E33F00B726FA /* QMCaptureTool.m */; };
		0CEB3DA31E790CA300B726FA /* GCDAsyncSocket.m in Sources */ = {isa = PBXBuildFile; fileRef = 0CEB3DA21E790CA300B726FA /* GCDAsyncSocket.m */; };
		0CF56EB01E76358400E114C8 /* UIScrollView+UITouch.m in Sources */ = {isa = PBXBuildFile; fileRef = 0CF56EAF1E76358400E114C8 /* UIScrollView+UITouch.m */; };
		0CF56EB31E76492D00E114C8 /* QMMiniPlayerScrollItem.m in Sources */ = {isa = PBXBuildFile; fileRef = 0CF56EB21E76492D00E114C8 /* QMMiniPlayerScrollItem.m */; };
		0CF56EB91E76996600E114C8 /* AutoScrollTextView.m in Sources */ = {isa = PBXBuildFile; fileRef = 0CF56EB81E76996600E114C8 /* AutoScrollTextView.m */; };
		0CF56EBC1E76A97100E114C8 /* AutoScrollLabel.m in Sources */ = {isa = PBXBuildFile; fileRef = 0CF56EBB1E76A97100E114C8 /* AutoScrollLabel.m */; };
		0CFE6FAE1E6FA51300B1280D /* QMMineViewController.m in Sources */ = {isa = PBXBuildFile; fileRef = 0CFE6FA51E6FA51300B1280D /* QMMineViewController.m */; };
		0CFE6FAF1E6FA51300B1280D /* QMMusicLibraryViewController.m in Sources */ = {isa = PBXBuildFile; fileRef = 0CFE6FAB1E6FA51300B1280D /* QMMusicLibraryViewController.m */; };
		0CFE6FB81E6FCB7800B1280D /* ReplayKit.framework in Frameworks */ = {isa = PBXBuildFile; fileRef = 0CFE6FB71E6FCB7800B1280D /* ReplayKit.framework */; };
		0CFE6FC91E6FFA3E00B1280D /* QMMiniPlayerView.m in Sources */ = {isa = PBXBuildFile; fileRef = 0CFE6FC81E6FFA3E00B1280D /* QMMiniPlayerView.m */; };
		0CFE6FCC1E6FFA9F00B1280D /* QMLyricView.m in Sources */ = {isa = PBXBuildFile; fileRef = 0CFE6FCB1E6FFA9F00B1280D /* QMLyricView.m */; };
		0CFE6FCF1E6FFAD200B1280D /* QMPlayingView.m in Sources */ = {isa = PBXBuildFile; fileRef = 0CFE6FCE1E6FFAD200B1280D /* QMPlayingView.m */; };
		0CFE6FD21E6FFC8F00B1280D /* QMLandscapePlayingView.m in Sources */ = {isa = PBXBuildFile; fileRef = 0CFE6FD11E6FFC8F00B1280D /* QMLandscapePlayingView.m */; };
		0CFE6FD51E70076600B1280D /* QMMiniPlayerController.m in Sources */ = {isa = PBXBuildFile; fileRef = 0CFE6FD41E70076600B1280D /* QMMiniPlayerController.m */; };
/* End PBXBuildFile section */

/* Begin PBXFileReference section */
		0C057B871E67EB1E00B7A9CC /* QQMusic.app */ = {isa = PBXFileReference; explicitFileType = wrapper.application; includeInIndex = 0; path = QQMusic.app; sourceTree = BUILT_PRODUCTS_DIR; };
		0C057B961E67EB1E00B7A9CC /* Images.xcassets */ = {isa = PBXFileReference; lastKnownFileType = folder.assetcatalog; path = Images.xcassets; sourceTree = "<group>"; };
		0C057BA21E67EBF000B7A9CC /* Info.plist */ = {isa = PBXFileReference; fileEncoding = 4; lastKnownFileType = text.plist.xml; path = Info.plist; sourceTree = "<group>"; };
		0C057BA31E67EBF000B7A9CC /* main.m */ = {isa = PBXFileReference; fileEncoding = 4; lastKnownFileType = sourcecode.c.objc; path = main.m; sourceTree = "<group>"; };
		0C057BA41E67EBF000B7A9CC /* QMAppDelegate.h */ = {isa = PBXFileReference; fileEncoding = 4; lastKnownFileType = sourcecode.c.h; path = QMAppDelegate.h; sourceTree = "<group>"; };
		0C057BA51E67EBF000B7A9CC /* QMAppDelegate.m */ = {isa = PBXFileReference; fileEncoding = 4; lastKnownFileType = sourcecode.c.objc; path = QMAppDelegate.m; sourceTree = "<group>"; };
		0C057BB01E67EC7500B7A9CC /* QQMusic_PrefixHeader.pch */ = {isa = PBXFileReference; lastKnownFileType = sourcecode.c.h; path = QQMusic_PrefixHeader.pch; sourceTree = "<group>"; };
		0C057BB21E67ECCF00B7A9CC /* MKAnnotationView+WebCache.h */ = {isa = PBXFileReference; fileEncoding = 4; lastKnownFileType = sourcecode.c.h; path = "MKAnnotationView+WebCache.h"; sourceTree = "<group>"; };
		0C057BB31E67ECCF00B7A9CC /* MKAnnotationView+WebCache.m */ = {isa = PBXFileReference; fileEncoding = 4; lastKnownFileType = sourcecode.c.objc; path = "MKAnnotationView+WebCache.m"; sourceTree = "<group>"; };
		0C057BB41E67ECCF00B7A9CC /* NSData+ImageContentType.h */ = {isa = PBXFileReference; fileEncoding = 4; lastKnownFileType = sourcecode.c.h; path = "NSData+ImageContentType.h"; sourceTree = "<group>"; };
		0C057BB51E67ECCF00B7A9CC /* NSData+ImageContentType.m */ = {isa = PBXFileReference; fileEncoding = 4; lastKnownFileType = sourcecode.c.objc; path = "NSData+ImageContentType.m"; sourceTree = "<group>"; };
		0C057BB61E67ECCF00B7A9CC /* SDImageCache.h */ = {isa = PBXFileReference; fileEncoding = 4; lastKnownFileType = sourcecode.c.h; path = SDImageCache.h; sourceTree = "<group>"; };
		0C057BB71E67ECCF00B7A9CC /* SDImageCache.m */ = {isa = PBXFileReference; fileEncoding = 4; lastKnownFileType = sourcecode.c.objc; path = SDImageCache.m; sourceTree = "<group>"; };
		0C057BB81E67ECCF00B7A9CC /* SDWebImageCompat.h */ = {isa = PBXFileReference; fileEncoding = 4; lastKnownFileType = sourcecode.c.h; path = SDWebImageCompat.h; sourceTree = "<group>"; };
		0C057BB91E67ECCF00B7A9CC /* SDWebImageCompat.m */ = {isa = PBXFileReference; fileEncoding = 4; lastKnownFileType = sourcecode.c.objc; path = SDWebImageCompat.m; sourceTree = "<group>"; };
		0C057BBA1E67ECCF00B7A9CC /* SDWebImageDecoder.h */ = {isa = PBXFileReference; fileEncoding = 4; lastKnownFileType = sourcecode.c.h; path = SDWebImageDecoder.h; sourceTree = "<group>"; };
		0C057BBB1E67ECCF00B7A9CC /* SDWebImageDecoder.m */ = {isa = PBXFileReference; fileEncoding = 4; lastKnownFileType = sourcecode.c.objc; path = SDWebImageDecoder.m; sourceTree = "<group>"; };
		0C057BBC1E67ECCF00B7A9CC /* SDWebImageDownloader.h */ = {isa = PBXFileReference; fileEncoding = 4; lastKnownFileType = sourcecode.c.h; path = SDWebImageDownloader.h; sourceTree = "<group>"; };
		0C057BBD1E67ECCF00B7A9CC /* SDWebImageDownloader.m */ = {isa = PBXFileReference; fileEncoding = 4; lastKnownFileType = sourcecode.c.objc; path = SDWebImageDownloader.m; sourceTree = "<group>"; };
		0C057BBE1E67ECCF00B7A9CC /* SDWebImageDownloaderOperation.h */ = {isa = PBXFileReference; fileEncoding = 4; lastKnownFileType = sourcecode.c.h; path = SDWebImageDownloaderOperation.h; sourceTree = "<group>"; };
		0C057BBF1E67ECCF00B7A9CC /* SDWebImageDownloaderOperation.m */ = {isa = PBXFileReference; fileEncoding = 4; lastKnownFileType = sourcecode.c.objc; path = SDWebImageDownloaderOperation.m; sourceTree = "<group>"; };
		0C057BC01E67ECCF00B7A9CC /* SDWebImageManager.h */ = {isa = PBXFileReference; fileEncoding = 4; lastKnownFileType = sourcecode.c.h; path = SDWebImageManager.h; sourceTree = "<group>"; };
		0C057BC11E67ECCF00B7A9CC /* SDWebImageManager.m */ = {isa = PBXFileReference; fileEncoding = 4; lastKnownFileType = sourcecode.c.objc; path = SDWebImageManager.m; sourceTree = "<group>"; };
		0C057BC21E67ECCF00B7A9CC /* SDWebImageOperation.h */ = {isa = PBXFileReference; fileEncoding = 4; lastKnownFileType = sourcecode.c.h; path = SDWebImageOperation.h; sourceTree = "<group>"; };
		0C057BC31E67ECCF00B7A9CC /* SDWebImagePrefetcher.h */ = {isa = PBXFileReference; fileEncoding = 4; lastKnownFileType = sourcecode.c.h; path = SDWebImagePrefetcher.h; sourceTree = "<group>"; };
		0C057BC41E67ECCF00B7A9CC /* SDWebImagePrefetcher.m */ = {isa = PBXFileReference; fileEncoding = 4; lastKnownFileType = sourcecode.c.objc; path = SDWebImagePrefetcher.m; sourceTree = "<group>"; };
		0C057BC51E67ECCF00B7A9CC /* UIButton+WebCache.h */ = {isa = PBXFileReference; fileEncoding = 4; lastKnownFileType = sourcecode.c.h; path = "UIButton+WebCache.h"; sourceTree = "<group>"; };
		0C057BC61E67ECCF00B7A9CC /* UIButton+WebCache.m */ = {isa = PBXFileReference; fileEncoding = 4; lastKnownFileType = sourcecode.c.objc; path = "UIButton+WebCache.m"; sourceTree = "<group>"; };
		0C057BC71E67ECCF00B7A9CC /* UIImage+GIF.h */ = {isa = PBXFileReference; fileEncoding = 4; lastKnownFileType = sourcecode.c.h; path = "UIImage+GIF.h"; sourceTree = "<group>"; };
		0C057BC81E67ECCF00B7A9CC /* UIImage+GIF.m */ = {isa = PBXFileReference; fileEncoding = 4; lastKnownFileType = sourcecode.c.objc; path = "UIImage+GIF.m"; sourceTree = "<group>"; };
		0C057BC91E67ECCF00B7A9CC /* UIImage+MultiFormat.h */ = {isa = PBXFileReference; fileEncoding = 4; lastKnownFileType = sourcecode.c.h; path = "UIImage+MultiFormat.h"; sourceTree = "<group>"; };
		0C057BCA1E67ECCF00B7A9CC /* UIImage+MultiFormat.m */ = {isa = PBXFileReference; fileEncoding = 4; lastKnownFileType = sourcecode.c.objc; path = "UIImage+MultiFormat.m"; sourceTree = "<group>"; };
		0C057BCB1E67ECCF00B7A9CC /* UIImage+WebP.h */ = {isa = PBXFileReference; fileEncoding = 4; lastKnownFileType = sourcecode.c.h; path = "UIImage+WebP.h"; sourceTree = "<group>"; };
		0C057BCC1E67ECCF00B7A9CC /* UIImage+WebP.m */ = {isa = PBXFileReference; fileEncoding = 4; lastKnownFileType = sourcecode.c.objc; path = "UIImage+WebP.m"; sourceTree = "<group>"; };
		0C057BCD1E67ECCF00B7A9CC /* UIImageView+HighlightedWebCache.h */ = {isa = PBXFileReference; fileEncoding = 4; lastKnownFileType = sourcecode.c.h; path = "UIImageView+HighlightedWebCache.h"; sourceTree = "<group>"; };
		0C057BCE1E67ECCF00B7A9CC /* UIImageView+HighlightedWebCache.m */ = {isa = PBXFileReference; fileEncoding = 4; lastKnownFileType = sourcecode.c.objc; path = "UIImageView+HighlightedWebCache.m"; sourceTree = "<group>"; };
		0C057BCF1E67ECCF00B7A9CC /* UIImageView+WebCache.h */ = {isa = PBXFileReference; fileEncoding = 4; lastKnownFileType = sourcecode.c.h; path = "UIImageView+WebCache.h"; sourceTree = "<group>"; };
		0C057BD01E67ECCF00B7A9CC /* UIImageView+WebCache.m */ = {isa = PBXFileReference; fileEncoding = 4; lastKnownFileType = sourcecode.c.objc; path = "UIImageView+WebCache.m"; sourceTree = "<group>"; };
		0C057BD11E67ECCF00B7A9CC /* UIView+WebCacheOperation.h */ = {isa = PBXFileReference; fileEncoding = 4; lastKnownFileType = sourcecode.c.h; path = "UIView+WebCacheOperation.h"; sourceTree = "<group>"; };
		0C057BD21E67ECCF00B7A9CC /* UIView+WebCacheOperation.m */ = {isa = PBXFileReference; fileEncoding = 4; lastKnownFileType = sourcecode.c.objc; path = "UIView+WebCacheOperation.m"; sourceTree = "<group>"; };
		0C057BD41E67ECCF00B7A9CC /* AFHTTPSessionManager.h */ = {isa = PBXFileReference; fileEncoding = 4; lastKnownFileType = sourcecode.c.h; path = AFHTTPSessionManager.h; sourceTree = "<group>"; };
		0C057BD51E67ECCF00B7A9CC /* AFHTTPSessionManager.m */ = {isa = PBXFileReference; fileEncoding = 4; lastKnownFileType = sourcecode.c.objc; path = AFHTTPSessionManager.m; sourceTree = "<group>"; };
		0C057BD61E67ECCF00B7A9CC /* AFNetworking.h */ = {isa = PBXFileReference; fileEncoding = 4; lastKnownFileType = sourcecode.c.h; path = AFNetworking.h; sourceTree = "<group>"; };
		0C057BD71E67ECCF00B7A9CC /* AFNetworkReachabilityManager.h */ = {isa = PBXFileReference; fileEncoding = 4; lastKnownFileType = sourcecode.c.h; path = AFNetworkReachabilityManager.h; sourceTree = "<group>"; };
		0C057BD81E67ECCF00B7A9CC /* AFNetworkReachabilityManager.m */ = {isa = PBXFileReference; fileEncoding = 4; lastKnownFileType = sourcecode.c.objc; path = AFNetworkReachabilityManager.m; sourceTree = "<group>"; };
		0C057BD91E67ECCF00B7A9CC /* AFSecurityPolicy.h */ = {isa = PBXFileReference; fileEncoding = 4; lastKnownFileType = sourcecode.c.h; path = AFSecurityPolicy.h; sourceTree = "<group>"; };
		0C057BDA1E67ECCF00B7A9CC /* AFSecurityPolicy.m */ = {isa = PBXFileReference; fileEncoding = 4; lastKnownFileType = sourcecode.c.objc; path = AFSecurityPolicy.m; sourceTree = "<group>"; };
		0C057BDB1E67ECCF00B7A9CC /* AFURLRequestSerialization.h */ = {isa = PBXFileReference; fileEncoding = 4; lastKnownFileType = sourcecode.c.h; path = AFURLRequestSerialization.h; sourceTree = "<group>"; };
		0C057BDC1E67ECCF00B7A9CC /* AFURLRequestSerialization.m */ = {isa = PBXFileReference; fileEncoding = 4; lastKnownFileType = sourcecode.c.objc; path = AFURLRequestSerialization.m; sourceTree = "<group>"; };
		0C057BDD1E67ECCF00B7A9CC /* AFURLResponseSerialization.h */ = {isa = PBXFileReference; fileEncoding = 4; lastKnownFileType = sourcecode.c.h; path = AFURLResponseSerialization.h; sourceTree = "<group>"; };
		0C057BDE1E67ECCF00B7A9CC /* AFURLResponseSerialization.m */ = {isa = PBXFileReference; fileEncoding = 4; lastKnownFileType = sourcecode.c.objc; path = AFURLResponseSerialization.m; sourceTree = "<group>"; };
		0C057BDF1E67ECCF00B7A9CC /* AFURLSessionManager.h */ = {isa = PBXFileReference; fileEncoding = 4; lastKnownFileType = sourcecode.c.h; path = AFURLSessionManager.h; sourceTree = "<group>"; };
		0C057BE01E67ECCF00B7A9CC /* AFURLSessionManager.m */ = {isa = PBXFileReference; fileEncoding = 4; lastKnownFileType = sourcecode.c.objc; path = AFURLSessionManager.m; sourceTree = "<group>"; };
		0C057BFA1E67EE3A00B7A9CC /* QMPublicDefine.h */ = {isa = PBXFileReference; lastKnownFileType = sourcecode.c.h; path = QMPublicDefine.h; sourceTree = "<group>"; };
		0C057BFB1E67EE4900B7A9CC /* QMPublicHeader.h */ = {isa = PBXFileReference; lastKnownFileType = sourcecode.c.h; path = QMPublicHeader.h; sourceTree = "<group>"; };
		0C057BFC1E67EE5D00B7A9CC /* QMPublicNetwork.h */ = {isa = PBXFileReference; lastKnownFileType = sourcecode.c.h; path = QMPublicNetwork.h; sourceTree = "<group>"; };
		0C057BFD1E67F42F00B7A9CC /* QMHttpTool.h */ = {isa = PBXFileReference; fileEncoding = 4; lastKnownFileType = sourcecode.c.h; path = QMHttpTool.h; sourceTree = "<group>"; };
		0C057BFE1E67F42F00B7A9CC /* QMHttpTool.m */ = {isa = PBXFileReference; fileEncoding = 4; lastKnownFileType = sourcecode.c.objc; path = QMHttpTool.m; sourceTree = "<group>"; };
		0C057C051E67F5CF00B7A9CC /* UIView+Extension.h */ = {isa = PBXFileReference; fileEncoding = 4; lastKnownFileType = sourcecode.c.h; path = "UIView+Extension.h"; sourceTree = "<group>"; };
		0C057C061E67F5CF00B7A9CC /* UIView+Extension.m */ = {isa = PBXFileReference; fileEncoding = 4; lastKnownFileType = sourcecode.c.objc; path = "UIView+Extension.m"; sourceTree = "<group>"; };
		0C057C071E67F5CF00B7A9CC /* UIView+Extention.h */ = {isa = PBXFileReference; fileEncoding = 4; lastKnownFileType = sourcecode.c.h; path = "UIView+Extention.h"; sourceTree = "<group>"; };
		0C057C081E67F5CF00B7A9CC /* UIView+Extention.m */ = {isa = PBXFileReference; fileEncoding = 4; lastKnownFileType = sourcecode.c.objc; path = "UIView+Extention.m"; sourceTree = "<group>"; };
		0C057C0A1E67F5CF00B7A9CC /* UIView+Toast.h */ = {isa = PBXFileReference; fileEncoding = 4; lastKnownFileType = sourcecode.c.h; path = "UIView+Toast.h"; sourceTree = "<group>"; };
		0C057C0B1E67F5CF00B7A9CC /* UIView+Toast.m */ = {isa = PBXFileReference; fileEncoding = 4; lastKnownFileType = sourcecode.c.objc; path = "UIView+Toast.m"; sourceTree = "<group>"; };
		0C057C0C1E67F5CF00B7A9CC /* UIView+SubView.h */ = {isa = PBXFileReference; fileEncoding = 4; lastKnownFileType = sourcecode.c.h; path = "UIView+SubView.h"; sourceTree = "<group>"; };
		0C057C0D1E67F5CF00B7A9CC /* UIView+SubView.m */ = {isa = PBXFileReference; fileEncoding = 4; lastKnownFileType = sourcecode.c.objc; path = "UIView+SubView.m"; sourceTree = "<group>"; };
		0C057C211E67FBA600B7A9CC /* QMBaseViewController.h */ = {isa = PBXFileReference; fileEncoding = 4; lastKnownFileType = sourcecode.c.h; path = QMBaseViewController.h; sourceTree = "<group>"; };
		0C057C221E67FBA600B7A9CC /* QMBaseViewController.m */ = {isa = PBXFileReference; fileEncoding = 4; lastKnownFileType = sourcecode.c.objc; path = QMBaseViewController.m; sourceTree = "<group>"; };
		0C057C231E67FBA600B7A9CC /* QMMainViewController.h */ = {isa = PBXFileReference; fileEncoding = 4; lastKnownFileType = sourcecode.c.h; path = QMMainViewController.h; sourceTree = "<group>"; };
		0C057C241E67FBA600B7A9CC /* QMMainViewController.m */ = {isa = PBXFileReference; fileEncoding = 4; lastKnownFileType = sourcecode.c.objc; path = QMMainViewController.m; sourceTree = "<group>"; };
		0C057C251E67FBA600B7A9CC /* QMNavigationController.h */ = {isa = PBXFileReference; fileEncoding = 4; lastKnownFileType = sourcecode.c.h; path = QMNavigationController.h; sourceTree = "<group>"; };
		0C057C261E67FBA600B7A9CC /* QMNavigationController.m */ = {isa = PBXFileReference; fileEncoding = 4; lastKnownFileType = sourcecode.c.objc; path = QMNavigationController.m; sourceTree = "<group>"; };
		0C057C2D1E67FBD700B7A9CC /* QMSettingViewController.h */ = {isa = PBXFileReference; fileEncoding = 4; lastKnownFileType = sourcecode.c.h; path = QMSettingViewController.h; sourceTree = "<group>"; };
		0C057C2E1E67FBD700B7A9CC /* QMSettingViewController.m */ = {isa = PBXFileReference; fileEncoding = 4; lastKnownFileType = sourcecode.c.objc; path = QMSettingViewController.m; sourceTree = "<group>"; };
		0C0E25221E72554600758ABA /* QMRootTopBarViewController.h */ = {isa = PBXFileReference; fileEncoding = 4; lastKnownFileType = sourcecode.c.h; path = QMRootTopBarViewController.h; sourceTree = "<group>"; };
		0C0E25231E72554600758ABA /* QMRootTopBarViewController.m */ = {isa = PBXFileReference; fileEncoding = 4; lastKnownFileType = sourcecode.c.objc; path = QMRootTopBarViewController.m; sourceTree = "<group>"; };
		0C0E25251E72586F00758ABA /* QMAudioPlayerViewController.h */ = {isa = PBXFileReference; fileEncoding = 4; lastKnownFileType = sourcecode.c.h; path = QMAudioPlayerViewController.h; sourceTree = "<group>"; };
		0C0E25261E72586F00758ABA /* QMAudioPlayerViewController.m */ = {isa = PBXFileReference; fileEncoding = 4; lastKnownFileType = sourcecode.c.objc; path = QMAudioPlayerViewController.m; sourceTree = "<group>"; };
		0C0E25291E7258B600758ABA /* BETouchView.h */ = {isa = PBXFileReference; fileEncoding = 4; lastKnownFileType = sourcecode.c.h; path = BETouchView.h; sourceTree = "<group>"; };
		0C0E252A1E7258B600758ABA /* BETouchView.m */ = {isa = PBXFileReference; fileEncoding = 4; lastKnownFileType = sourcecode.c.objc; path = BETouchView.m; sourceTree = "<group>"; };
		0C0E252C1E7279B300758ABA /* QMMiniPlayerPlayButton.h */ = {isa = PBXFileReference; fileEncoding = 4; lastKnownFileType = sourcecode.c.h; path = QMMiniPlayerPlayButton.h; sourceTree = "<group>"; };
		0C0E252D1E7279B300758ABA /* QMMiniPlayerPlayButton.m */ = {isa = PBXFileReference; fileEncoding = 4; lastKnownFileType = sourcecode.c.objc; path = QMMiniPlayerPlayButton.m; sourceTree = "<group>"; };
		0C0E25321E728C7900758ABA /* AudioPlayManager.h */ = {isa = PBXFileReference; fileEncoding = 4; lastKnownFileType = sourcecode.c.h; path = AudioPlayManager.h; sourceTree = "<group>"; };
		0C0E25331E728C7900758ABA /* AudioPlayManager.m */ = {isa = PBXFileReference; fileEncoding = 4; lastKnownFileType = sourcecode.c.objc; path = AudioPlayManager.m; sourceTree = "<group>"; };
		0C1AB0CC1E7FC36200AF88F9 /* LibMusicBannerCell.h */ = {isa = PBXFileReference; fileEncoding = 4; lastKnownFileType = sourcecode.c.h; path = LibMusicBannerCell.h; sourceTree = "<group>"; };
		0C1AB0CD1E7FC36200AF88F9 /* LibMusicBannerCell.m */ = {isa = PBXFileReference; fileEncoding = 4; lastKnownFileType = sourcecode.c.objc; path = LibMusicBannerCell.m; sourceTree = "<group>"; };
		0C1AB0CF1E7FC37C00AF88F9 /* LibMusicGridNumCell.h */ = {isa = PBXFileReference; fileEncoding = 4; lastKnownFileType = sourcecode.c.h; path = LibMusicGridNumCell.h; sourceTree = "<group>"; };
		0C1AB0D01E7FC37C00AF88F9 /* LibMusicGridNumCell.m */ = {isa = PBXFileReference; fileEncoding = 4; lastKnownFileType = sourcecode.c.objc; path = LibMusicGridNumCell.m; sourceTree = "<group>"; };
		0C1AB0D21E7FC3BB00AF88F9 /* LibMusicHotRecommendCell.h */ = {isa = PBXFileReference; fileEncoding = 4; lastKnownFileType = sourcecode.c.h; path = LibMusicHotRecommendCell.h; sourceTree = "<group>"; };
		0C1AB0D31E7FC3BB00AF88F9 /* LibMusicHotRecommendCell.m */ = {isa = PBXFileReference; fileEncoding = 4; lastKnownFileType = sourcecode.c.objc; path = LibMusicHotRecommendCell.m; sourceTree = "<group>"; };
		0C1AB0D51E7FC3D900AF88F9 /* LibMusicDayRecommendCell.h */ = {isa = PBXFileReference; fileEncoding = 4; lastKnownFileType = sourcecode.c.h; path = LibMusicDayRecommendCell.h; sourceTree = "<group>"; };
		0C1AB0D61E7FC3D900AF88F9 /* LibMusicDayRecommendCell.m */ = {isa = PBXFileReference; fileEncoding = 4; lastKnownFileType = sourcecode.c.objc; path = LibMusicDayRecommendCell.m; sourceTree = "<group>"; };
		0C1AB0D81E7FC43900AF88F9 /* LibMusicNewExpressCell.h */ = {isa = PBXFileReference; fileEncoding = 4; lastKnownFileType = sourcecode.c.h; path = LibMusicNewExpressCell.h; sourceTree = "<group>"; };
		0C1AB0D91E7FC43900AF88F9 /* LibMusicNewExpressCell.m */ = {isa = PBXFileReference; fileEncoding = 4; lastKnownFileType = sourcecode.c.objc; path = LibMusicNewExpressCell.m; sourceTree = "<group>"; };
		0C1AB0DB1E7FD38600AF88F9 /* QMMusicSingerViewController.h */ = {isa = PBXFileReference; fileEncoding = 4; lastKnownFileType = sourcecode.c.h; path = QMMusicSingerViewController.h; sourceTree = "<group>"; };
		0C1AB0DC1E7FD38600AF88F9 /* QMMusicSingerViewController.m */ = {isa = PBXFileReference; fileEncoding = 4; lastKnownFileType = sourcecode.c.objc; path = QMMusicSingerViewController.m; sourceTree = "<group>"; };
		0C1AB0DE1E7FDE9500AF88F9 /* SingerCell.h */ = {isa = PBXFileReference; fileEncoding = 4; lastKnownFileType = sourcecode.c.h; path = SingerCell.h; sourceTree = "<group>"; };
		0C1AB0DF1E7FDE9500AF88F9 /* SingerCell.m */ = {isa = PBXFileReference; fileEncoding = 4; lastKnownFileType = sourcecode.c.objc; path = SingerCell.m; sourceTree = "<group>"; };
		0C2B2AC31E779194006D0378 /* QMDataSourceTool.h */ = {isa = PBXFileReference; fileEncoding = 4; lastKnownFileType = sourcecode.c.h; path = QMDataSourceTool.h; sourceTree = "<group>"; };
		0C2B2AC41E779194006D0378 /* QMDataSourceTool.m */ = {isa = PBXFileReference; fileEncoding = 4; lastKnownFileType = sourcecode.c.objc; path = QMDataSourceTool.m; sourceTree = "<group>"; };
		0C2B2AC91E779A3F006D0378 /* libxml2.tbd */ = {isa = PBXFileReference; lastKnownFileType = "sourcecode.text-based-dylib-definition"; name = libxml2.tbd; path = usr/lib/libxml2.tbd; sourceTree = SDKROOT; };
		0C5FC1261E8369A3000977F6 /* QMPlaySlider.h */ = {isa = PBXFileReference; fileEncoding = 4; lastKnownFileType = sourcecode.c.h; path = QMPlaySlider.h; sourceTree = "<group>"; };
		0C5FC1271E8369A3000977F6 /* QMPlaySlider.m */ = {isa = PBXFileReference; fileEncoding = 4; lastKnownFileType = sourcecode.c.objc; path = QMPlaySlider.m; sourceTree = "<group>"; };
		0C8871E01E69440600A2D295 /* QMContainersViewController.h */ = {isa = PBXFileReference; fileEncoding = 4; lastKnownFileType = sourcecode.c.h; path = QMContainersViewController.h; sourceTree = "<group>"; };
		0C8871E11E69440600A2D295 /* QMContainersViewController.m */ = {isa = PBXFileReference; fileEncoding = 4; lastKnownFileType = sourcecode.c.objc; path = QMContainersViewController.m; sourceTree = "<group>"; };
		0C8871E31E69441F00A2D295 /* QMLeftMenuViewController.h */ = {isa = PBXFileReference; fileEncoding = 4; lastKnownFileType = sourcecode.c.h; path = QMLeftMenuViewController.h; sourceTree = "<group>"; };
		0C8871E41E69441F00A2D295 /* QMLeftMenuViewController.m */ = {isa = PBXFileReference; fileEncoding = 4; lastKnownFileType = sourcecode.c.objc; path = QMLeftMenuViewController.m; sourceTree = "<group>"; };
		0CB0CD471E7B958F001F7D9B /* JKBigDecimal.h */ = {isa = PBXFileReference; fileEncoding = 4; lastKnownFileType = sourcecode.c.h; path = JKBigDecimal.h; sourceTree = "<group>"; };
		0CB0CD481E7B958F001F7D9B /* JKBigDecimal.m */ = {isa = PBXFileReference; fileEncoding = 4; lastKnownFileType = sourcecode.c.objc; path = JKBigDecimal.m; sourceTree = "<group>"; };
		0CB0CD491E7B958F001F7D9B /* JKBigInteger.h */ = {isa = PBXFileReference; fileEncoding = 4; lastKnownFileType = sourcecode.c.h; path = JKBigInteger.h; sourceTree = "<group>"; };
		0CB0CD4A1E7B958F001F7D9B /* JKBigInteger.m */ = {isa = PBXFileReference; fileEncoding = 4; lastKnownFileType = sourcecode.c.objc; path = JKBigInteger.m; sourceTree = "<group>"; };
		0CB0CD4C1E7B958F001F7D9B /* tommath.m */ = {isa = PBXFileReference; fileEncoding = 4; lastKnownFileType = sourcecode.c.objc; path = tommath.m; sourceTree = "<group>"; };
		0CB0CD4D1E7B958F001F7D9B /* tommath.h */ = {isa = PBXFileReference; fileEncoding = 4; lastKnownFileType = sourcecode.c.h; path = tommath.h; sourceTree = "<group>"; };
		0CB0CD4E1E7B958F001F7D9B /* tommath_class.h */ = {isa = PBXFileReference; fileEncoding = 4; lastKnownFileType = sourcecode.c.h; path = tommath_class.h; sourceTree = "<group>"; };
		0CB0CD4F1E7B958F001F7D9B /* tommath_superclass.h */ = {isa = PBXFileReference; fileEncoding = 4; lastKnownFileType = sourcecode.c.h; path = tommath_superclass.h; sourceTree = "<group>"; };
		0CB0CD531E7B9739001F7D9B /* NSObject+Category.h */ = {isa = PBXFileReference; fileEncoding = 4; lastKnownFileType = sourcecode.c.h; path = "NSObject+Category.h"; sourceTree = "<group>"; };
		0CB0CD541E7B9739001F7D9B /* NSObject+Category.m */ = {isa = PBXFileReference; fileEncoding = 4; lastKnownFileType = sourcecode.c.objc; path = "NSObject+Category.m"; sourceTree = "<group>"; };
		0CB0CD561E7BB8D7001F7D9B /* LRCParser.h */ = {isa = PBXFileReference; fileEncoding = 4; lastKnownFileType = sourcecode.c.h; path = LRCParser.h; sourceTree = "<group>"; };
		0CB0CD571E7BB8D7001F7D9B /* LRCParser.m */ = {isa = PBXFileReference; fileEncoding = 4; lastKnownFileType = sourcecode.c.objc; path = LRCParser.m; sourceTree = "<group>"; };
		0CB0CD591E7BBCBE001F7D9B /* NSString+Validate.h */ = {isa = PBXFileReference; fileEncoding = 4; lastKnownFileType = sourcecode.c.h; path = "NSString+Validate.h"; sourceTree = "<group>"; };
		0CB0CD5A1E7BBCBE001F7D9B /* NSString+Validate.m */ = {isa = PBXFileReference; fileEncoding = 4; lastKnownFileType = sourcecode.c.objc; path = "NSString+Validate.m"; sourceTree = "<group>"; };
		0CB0CD5F1E7BC881001F7D9B /* QMImageRoundButton.h */ = {isa = PBXFileReference; fileEncoding = 4; lastKnownFileType = sourcecode.c.h; path = QMImageRoundButton.h; sourceTree = "<group>"; };
		0CB0CD601E7BC881001F7D9B /* QMImageRoundButton.m */ = {isa = PBXFileReference; fileEncoding = 4; lastKnownFileType = sourcecode.c.objc; path = QMImageRoundButton.m; sourceTree = "<group>"; };
		0CB0CD621E7BCF02001F7D9B /* MyMusicUserInfoCollectionCell.h */ = {isa = PBXFileReference; fileEncoding = 4; lastKnownFileType = sourcecode.c.h; path = MyMusicUserInfoCollectionCell.h; sourceTree = "<group>"; };
		0CB0CD631E7BCF02001F7D9B /* MyMusicUserInfoCollectionCell.m */ = {isa = PBXFileReference; fileEncoding = 4; lastKnownFileType = sourcecode.c.objc; path = MyMusicUserInfoCollectionCell.m; sourceTree = "<group>"; };
		0CB0CD651E7BCF65001F7D9B /* MyMusicGridNumCell.h */ = {isa = PBXFileReference; fileEncoding = 4; lastKnownFileType = sourcecode.c.h; path = MyMusicGridNumCell.h; sourceTree = "<group>"; };
		0CB0CD661E7BCF65001F7D9B /* MyMusicGridNumCell.m */ = {isa = PBXFileReference; fileEncoding = 4; lastKnownFileType = sourcecode.c.objc; path = MyMusicGridNumCell.m; sourceTree = "<group>"; };
		0CB0CD681E7BCF90001F7D9B /* MyMusicGuessiLikeCollectionCell.h */ = {isa = PBXFileReference; fileEncoding = 4; lastKnownFileType = sourcecode.c.h; path = MyMusicGuessiLikeCollectionCell.h; sourceTree = "<group>"; };
		0CB0CD691E7BCF90001F7D9B /* MyMusicGuessiLikeCollectionCell.m */ = {isa = PBXFileReference; fileEncoding = 4; lastKnownFileType = sourcecode.c.objc; path = MyMusicGuessiLikeCollectionCell.m; sourceTree = "<group>"; };
		0CB0CD6B1E7BCFA1001F7D9B /* MyMusicTitleCell.h */ = {isa = PBXFileReference; fileEncoding = 4; lastKnownFileType = sourcecode.c.h; path = MyMusicTitleCell.h; sourceTree = "<group>"; };
		0CB0CD6C1E7BCFA1001F7D9B /* MyMusicTitleCell.m */ = {isa = PBXFileReference; fileEncoding = 4; lastKnownFileType = sourcecode.c.objc; path = MyMusicTitleCell.m; sourceTree = "<group>"; };
		0CB0CD6E1E7BD190001F7D9B /* UIColor+Category.h */ = {isa = PBXFileReference; fileEncoding = 4; lastKnownFileType = sourcecode.c.h; path = "UIColor+Category.h"; sourceTree = "<group>"; };
		0CB0CD6F1E7BD190001F7D9B /* UIColor+Category.m */ = {isa = PBXFileReference; fileEncoding = 4; lastKnownFileType = sourcecode.c.objc; path = "UIColor+Category.m"; sourceTree = "<group>"; };
		0CB0CD721E7BD6D6001F7D9B /* LocalDataSource.h */ = {isa = PBXFileReference; fileEncoding = 4; lastKnownFileType = sourcecode.c.h; path = LocalDataSource.h; sourceTree = "<group>"; };
		0CB0CD731E7BD6D6001F7D9B /* LocalDataSource.m */ = {isa = PBXFileReference; fileEncoding = 4; lastKnownFileType = sourcecode.c.objc; path = LocalDataSource.m; sourceTree = "<group>"; };
		0CBDC1D71E7A309F00CC5387 /* QMMusicCenterRequest.h */ = {isa = PBXFileReference; fileEncoding = 4; lastKnownFileType = sourcecode.c.h; path = QMMusicCenterRequest.h; sourceTree = "<group>"; };
		0CBDC1D81E7A309F00CC5387 /* QMMusicCenterRequest.m */ = {isa = PBXFileReference; fileEncoding = 4; lastKnownFileType = sourcecode.c.objc; path = QMMusicCenterRequest.m; sourceTree = "<group>"; };
		0CBDC1DA1E7A33C000CC5387 /* SecurityUtil.m */ = {isa = PBXFileReference; fileEncoding = 4; lastKnownFileType = sourcecode.c.objc; path = SecurityUtil.m; sourceTree = "<group>"; };
		0CBDC1DB1E7A33C000CC5387 /* SecurityUtil.h */ = {isa = PBXFileReference; fileEncoding = 4; lastKnownFileType = sourcecode.c.h; path = SecurityUtil.h; sourceTree = "<group>"; };
		0CBDC1E31E7A78AA00CC5387 /* NSString+Category.h */ = {isa = PBXFileReference; fileEncoding = 4; lastKnownFileType = sourcecode.c.h; path = "NSString+Category.h"; sourceTree = "<group>"; };
		0CBDC1E41E7A78AA00CC5387 /* NSString+Category.m */ = {isa = PBXFileReference; fileEncoding = 4; lastKnownFileType = sourcecode.c.objc; path = "NSString+Category.m"; sourceTree = "<group>"; };
		0CCA83F21E81248B00176D0C /* QMMusicRankingViewController.h */ = {isa = PBXFileReference; fileEncoding = 4; lastKnownFileType = sourcecode.c.h; path = QMMusicRankingViewController.h; sourceTree = "<group>"; };
		0CCA83F31E81248B00176D0C /* QMMusicRankingViewController.m */ = {isa = PBXFileReference; fileEncoding = 4; lastKnownFileType = sourcecode.c.objc; path = QMMusicRankingViewController.m; sourceTree = "<group>"; };
		0CCA83F81E81291200176D0C /* QMMusicRankingListViewController.h */ = {isa = PBXFileReference; fileEncoding = 4; lastKnownFileType = sourcecode.c.h; path = QMMusicRankingListViewController.h; sourceTree = "<group>"; };
		0CCA83F91E81291200176D0C /* QMMusicRankingListViewController.m */ = {isa = PBXFileReference; fileEncoding = 4; lastKnownFileType = sourcecode.c.objc; path = QMMusicRankingListViewController.m; sourceTree = "<group>"; };
		0CDA96D21E778E3100DF8EEC /* BENoTouchView.h */ = {isa = PBXFileReference; fileEncoding = 4; lastKnownFileType = sourcecode.c.h; path = BENoTouchView.h; sourceTree = "<group>"; };
		0CDA96D31E778E3100DF8EEC /* BENoTouchView.m */ = {isa = PBXFileReference; fileEncoding = 4; lastKnownFileType = sourcecode.c.objc; path = BENoTouchView.m; sourceTree = "<group>"; };
		0CE78D3F1E6E4BD600628F55 /* AFAudioRouter.h */ = {isa = PBXFileReference; fileEncoding = 4; lastKnownFileType = sourcecode.c.h; path = AFAudioRouter.h; sourceTree = "<group>"; };
		0CE78D401E6E4BD600628F55 /* AFAudioRouter.m */ = {isa = PBXFileReference; fileEncoding = 4; lastKnownFileType = sourcecode.c.objc; path = AFAudioRouter.m; sourceTree = "<group>"; };
		0CE78D411E6E4BD600628F55 /* AFSoundManager.h */ = {isa = PBXFileReference; fileEncoding = 4; lastKnownFileType = sourcecode.c.h; path = AFSoundManager.h; sourceTree = "<group>"; };
		0CE78D421E6E4BD600628F55 /* AFSoundManager.m */ = {isa = PBXFileReference; fileEncoding = 4; lastKnownFileType = sourcecode.c.objc; path = AFSoundManager.m; sourceTree = "<group>"; };
		0CEB3D871E78E22500B726FA /* GCDAsyncUdpSocket.h */ = {isa = PBXFileReference; fileEncoding = 4; lastKnownFileType = sourcecode.c.h; path = GCDAsyncUdpSocket.h; sourceTree = "<group>"; };
		0CEB3D881E78E22500B726FA /* GCDAsyncUdpSocket.m */ = {isa = PBXFileReference; fileEncoding = 4; lastKnownFileType = sourcecode.c.objc; path = GCDAsyncUdpSocket.m; sourceTree = "<group>"; };
		0CEB3D8B1E78E25500B726FA /* GTMBase64.h */ = {isa = PBXFileReference; fileEncoding = 4; lastKnownFileType = sourcecode.c.h; path = GTMBase64.h; sourceTree = "<group>"; };
		0CEB3D8C1E78E25500B726FA /* GTMBase64.m */ = {isa = PBXFileReference; fileEncoding = 4; lastKnownFileType = sourcecode.c.objc; path = GTMBase64.m; sourceTree = "<group>"; };
		0CEB3D8D1E78E25500B726FA /* GTMDefines.h */ = {isa = PBXFileReference; fileEncoding = 4; lastKnownFileType = sourcecode.c.h; path = GTMDefines.h; sourceTree = "<group>"; };
		0CEB3D921E78E25500B726FA /* NSData+NSData_AES.h */ = {isa = PBXFileReference; fileEncoding = 4; lastKnownFileType = sourcecode.c.h; path = "NSData+NSData_AES.h"; sourceTree = "<group>"; };
		0CEB3D931E78E25500B726FA /* NSData+NSData_AES.m */ = {isa = PBXFileReference; fileEncoding = 4; lastKnownFileType = sourcecode.c.objc; path = "NSData+NSData_AES.m"; sourceTree = "<group>"; };
		0CEB3D941E78E25500B726FA /* NuRSAKey.h */ = {isa = PBXFileReference; fileEncoding = 4; lastKnownFileType = sourcecode.c.h; path = NuRSAKey.h; sourceTree = "<group>"; };
		0CEB3D951E78E25500B726FA /* NuRSAKey.m */ = {isa = PBXFileReference; fileEncoding = 4; lastKnownFileType = sourcecode.c.objc; path = NuRSAKey.m; sourceTree = "<group>"; };
		0CEB3D961E78E25500B726FA /* RSA.h */ = {isa = PBXFileReference; fileEncoding = 4; lastKnownFileType = sourcecode.c.h; path = RSA.h; sourceTree = "<group>"; };
		0CEB3D971E78E25500B726FA /* RSA.m */ = {isa = PBXFileReference; fileEncoding = 4; lastKnownFileType = sourcecode.c.objc; path = RSA.m; sourceTree = "<group>"; };
		0CEB3D9E1E78E33F00B726FA /* QMCaptureTool.h */ = {isa = PBXFileReference; fileEncoding = 4; lastKnownFileType = sourcecode.c.h; path = QMCaptureTool.h; sourceTree = "<group>"; };
		0CEB3D9F1E78E33F00B726FA /* QMCaptureTool.m */ = {isa = PBXFileReference; fileEncoding = 4; lastKnownFileType = sourcecode.c.objc; path = QMCaptureTool.m; sourceTree = "<group>"; };
		0CEB3DA11E790CA300B726FA /* GCDAsyncSocket.h */ = {isa = PBXFileReference; fileEncoding = 4; lastKnownFileType = sourcecode.c.h; path = GCDAsyncSocket.h; sourceTree = "<group>"; };
		0CEB3DA21E790CA300B726FA /* GCDAsyncSocket.m */ = {isa = PBXFileReference; fileEncoding = 4; lastKnownFileType = sourcecode.c.objc; path = GCDAsyncSocket.m; sourceTree = "<group>"; };
		0CF56EAE1E76358400E114C8 /* UIScrollView+UITouch.h */ = {isa = PBXFileReference; fileEncoding = 4; lastKnownFileType = sourcecode.c.h; path = "UIScrollView+UITouch.h"; sourceTree = "<group>"; };
		0CF56EAF1E76358400E114C8 /* UIScrollView+UITouch.m */ = {isa = PBXFileReference; fileEncoding = 4; lastKnownFileType = sourcecode.c.objc; path = "UIScrollView+UITouch.m"; sourceTree = "<group>"; };
		0CF56EB11E76492D00E114C8 /* QMMiniPlayerScrollItem.h */ = {isa = PBXFileReference; fileEncoding = 4; lastKnownFileType = sourcecode.c.h; path = QMMiniPlayerScrollItem.h; sourceTree = "<group>"; };
		0CF56EB21E76492D00E114C8 /* QMMiniPlayerScrollItem.m */ = {isa = PBXFileReference; fileEncoding = 4; lastKnownFileType = sourcecode.c.objc; path = QMMiniPlayerScrollItem.m; sourceTree = "<group>"; };
		0CF56EB71E76996600E114C8 /* AutoScrollTextView.h */ = {isa = PBXFileReference; fileEncoding = 4; lastKnownFileType = sourcecode.c.h; path = AutoScrollTextView.h; sourceTree = "<group>"; };
		0CF56EB81E76996600E114C8 /* AutoScrollTextView.m */ = {isa = PBXFileReference; fileEncoding = 4; lastKnownFileType = sourcecode.c.objc; path = AutoScrollTextView.m; sourceTree = "<group>"; };
		0CF56EBA1E76A97100E114C8 /* AutoScrollLabel.h */ = {isa = PBXFileReference; fileEncoding = 4; lastKnownFileType = sourcecode.c.h; path = AutoScrollLabel.h; sourceTree = "<group>"; };
		0CF56EBB1E76A97100E114C8 /* AutoScrollLabel.m */ = {isa = PBXFileReference; fileEncoding = 4; lastKnownFileType = sourcecode.c.objc; path = AutoScrollLabel.m; sourceTree = "<group>"; };
		0CFE6FA41E6FA51300B1280D /* QMMineViewController.h */ = {isa = PBXFileReference; fileEncoding = 4; lastKnownFileType = sourcecode.c.h; path = QMMineViewController.h; sourceTree = "<group>"; };
		0CFE6FA51E6FA51300B1280D /* QMMineViewController.m */ = {isa = PBXFileReference; fileEncoding = 4; lastKnownFileType = sourcecode.c.objc; path = QMMineViewController.m; sourceTree = "<group>"; };
		0CFE6FAA1E6FA51300B1280D /* QMMusicLibraryViewController.h */ = {isa = PBXFileReference; fileEncoding = 4; lastKnownFileType = sourcecode.c.h; path = QMMusicLibraryViewController.h; sourceTree = "<group>"; };
		0CFE6FAB1E6FA51300B1280D /* QMMusicLibraryViewController.m */ = {isa = PBXFileReference; fileEncoding = 4; lastKnownFileType = sourcecode.c.objc; path = QMMusicLibraryViewController.m; sourceTree = "<group>"; };
		0CFE6FB71E6FCB7800B1280D /* ReplayKit.framework */ = {isa = PBXFileReference; lastKnownFileType = wrapper.framework; name = ReplayKit.framework; path = System/Library/Frameworks/ReplayKit.framework; sourceTree = SDKROOT; };
		0CFE6FC71E6FFA3E00B1280D /* QMMiniPlayerView.h */ = {isa = PBXFileReference; fileEncoding = 4; lastKnownFileType = sourcecode.c.h; path = QMMiniPlayerView.h; sourceTree = "<group>"; };
		0CFE6FC81E6FFA3E00B1280D /* QMMiniPlayerView.m */ = {isa = PBXFileReference; fileEncoding = 4; lastKnownFileType = sourcecode.c.objc; path = QMMiniPlayerView.m; sourceTree = "<group>"; };
		0CFE6FCA1E6FFA9F00B1280D /* QMLyricView.h */ = {isa = PBXFileReference; fileEncoding = 4; lastKnownFileType = sourcecode.c.h; path = QMLyricView.h; sourceTree = "<group>"; };
		0CFE6FCB1E6FFA9F00B1280D /* QMLyricView.m */ = {isa = PBXFileReference; fileEncoding = 4; lastKnownFileType = sourcecode.c.objc; path = QMLyricView.m; sourceTree = "<group>"; };
		0CFE6FCD1E6FFAD200B1280D /* QMPlayingView.h */ = {isa = PBXFileReference; fileEncoding = 4; lastKnownFileType = sourcecode.c.h; path = QMPlayingView.h; sourceTree = "<group>"; };
		0CFE6FCE1E6FFAD200B1280D /* QMPlayingView.m */ = {isa = PBXFileReference; fileEncoding = 4; lastKnownFileType = sourcecode.c.objc; path = QMPlayingView.m; sourceTree = "<group>"; };
		0CFE6FD01E6FFC8F00B1280D /* QMLandscapePlayingView.h */ = {isa = PBXFileReference; fileEncoding = 4; lastKnownFileType = sourcecode.c.h; path = QMLandscapePlayingView.h; sourceTree = "<group>"; };
		0CFE6FD11E6FFC8F00B1280D /* QMLandscapePlayingView.m */ = {isa = PBXFileReference; fileEncoding = 4; lastKnownFileType = sourcecode.c.objc; path = QMLandscapePlayingView.m; sourceTree = "<group>"; };
		0CFE6FD31E70076600B1280D /* QMMiniPlayerController.h */ = {isa = PBXFileReference; fileEncoding = 4; lastKnownFileType = sourcecode.c.h; path = QMMiniPlayerController.h; sourceTree = "<group>"; };
		0CFE6FD41E70076600B1280D /* QMMiniPlayerController.m */ = {isa = PBXFileReference; fileEncoding = 4; lastKnownFileType = sourcecode.c.objc; path = QMMiniPlayerController.m; sourceTree = "<group>"; };
/* End PBXFileReference section */

/* Begin PBXFrameworksBuildPhase section */
		0C057B841E67EB1E00B7A9CC /* Frameworks */ = {
			isa = PBXFrameworksBuildPhase;
			buildActionMask = 2147483647;
			files = (
				0C2B2ACB1E779C61006D0378 /* libxml2.tbd in Frameworks */,
				0CFE6FB81E6FCB7800B1280D /* ReplayKit.framework in Frameworks */,
			);
			runOnlyForDeploymentPostprocessing = 0;
		};
/* End PBXFrameworksBuildPhase section */

/* Begin PBXGroup section */
		0C057B7E1E67EB1E00B7A9CC = {
			isa = PBXGroup;
			children = (
				0C057B891E67EB1E00B7A9CC /* QQMusic */,
				0C057B881E67EB1E00B7A9CC /* Products */,
				0CFE6FB61E6FCB7800B1280D /* Frameworks */,
			);
			sourceTree = "<group>";
		};
		0C057B881E67EB1E00B7A9CC /* Products */ = {
			isa = PBXGroup;
			children = (
				0C057B871E67EB1E00B7A9CC /* QQMusic.app */,
			);
			name = Products;
			sourceTree = "<group>";
		};
		0C057B891E67EB1E00B7A9CC /* QQMusic */ = {
			isa = PBXGroup;
			children = (
				0CBDC1D61E7A308600CC5387 /* WebServer */,
				0C8871E61E69460300A2D295 /* StaticImage */,
				0C057BA91E67EC5900B7A9CC /* Base */,
				0C057BAA1E67EC5900B7A9CC /* Classes */,
				0C057BAB1E67EC5900B7A9CC /* Lib */,
				0C057BAC1E67EC5900B7A9CC /* Category */,
				0C057BAD1E67EC5900B7A9CC /* QMPlayer */,
				0C057BAE1E67EC5900B7A9CC /* Tools */,
				0C057BAF1E67EC5900B7A9CC /* Common */,
				0C057BA11E67EBF000B7A9CC /* Main */,
				0C057B961E67EB1E00B7A9CC /* Images.xcassets */,
				0C057B8A1E67EB1E00B7A9CC /* Supporting Files */,
			);
			path = QQMusic;
			sourceTree = "<group>";
		};
		0C057B8A1E67EB1E00B7A9CC /* Supporting Files */ = {
			isa = PBXGroup;
			children = (
			);
			name = "Supporting Files";
			sourceTree = "<group>";
		};
		0C057BA11E67EBF000B7A9CC /* Main */ = {
			isa = PBXGroup;
			children = (
				0C057BA21E67EBF000B7A9CC /* Info.plist */,
				0C057BA31E67EBF000B7A9CC /* main.m */,
				0C057BA41E67EBF000B7A9CC /* QMAppDelegate.h */,
				0C057BA51E67EBF000B7A9CC /* QMAppDelegate.m */,
				0C057BB01E67EC7500B7A9CC /* QQMusic_PrefixHeader.pch */,
			);
			path = Main;
			sourceTree = "<group>";
		};
		0C057BA91E67EC5900B7A9CC /* Base */ = {
			isa = PBXGroup;
			children = (
				0CB0CD711E7BD62F001F7D9B /* Model */,
				0C0E25281E7258A500758ABA /* View */,
				0C057C201E67FBA600B7A9CC /* Controller */,
			);
			path = Base;
			sourceTree = "<group>";
		};
		0C057BAA1E67EC5900B7A9CC /* Classes */ = {
			isa = PBXGroup;
			children = (
				0C0E251E1E72551500758ABA /* MusicContainer */,
				0CFE6FC31E6FFA1800B1280D /* MusicPlayer */,
				0CFE6FA21E6FA51300B1280D /* MusicMine */,
				0CFE6FA81E6FA51300B1280D /* MusicLibrary */,
				0C057C191E67FAED00B7A9CC /* MusicSetting */,
			);
			path = Classes;
			sourceTree = "<group>";
		};
		0C057BAB1E67EC5900B7A9CC /* Lib */ = {
			isa = PBXGroup;
			children = (
				0C057BB11E67ECCF00B7A9CC /* SDWebImage */,
				0C057BD31E67ECCF00B7A9CC /* AFNetworking */,
			);
			path = Lib;
			sourceTree = "<group>";
		};
		0C057BAC1E67EC5900B7A9CC /* Category */ = {
			isa = PBXGroup;
			children = (
				0C057C031E67F5CF00B7A9CC /* UIViewCategory */,
				0CF56EAE1E76358400E114C8 /* UIScrollView+UITouch.h */,
				0CF56EAF1E76358400E114C8 /* UIScrollView+UITouch.m */,
				0CBDC1E31E7A78AA00CC5387 /* NSString+Category.h */,
				0CBDC1E41E7A78AA00CC5387 /* NSString+Category.m */,
				0CB0CD531E7B9739001F7D9B /* NSObject+Category.h */,
				0CB0CD541E7B9739001F7D9B /* NSObject+Category.m */,
				0CB0CD591E7BBCBE001F7D9B /* NSString+Validate.h */,
				0CB0CD5A1E7BBCBE001F7D9B /* NSString+Validate.m */,
				0CB0CD6E1E7BD190001F7D9B /* UIColor+Category.h */,
				0CB0CD6F1E7BD190001F7D9B /* UIColor+Category.m */,
			);
			path = Category;
			sourceTree = "<group>";
		};
		0C057BAD1E67EC5900B7A9CC /* QMPlayer */ = {
			isa = PBXGroup;
			children = (
			);
			path = QMPlayer;
			sourceTree = "<group>";
		};
		0C057BAE1E67EC5900B7A9CC /* Tools */ = {
			isa = PBXGroup;
			children = (
				0CB0CD561E7BB8D7001F7D9B /* LRCParser.h */,
				0CB0CD571E7BB8D7001F7D9B /* LRCParser.m */,
				0CB0CD461E7B958F001F7D9B /* JKBigInteger */,
				0CEB3D8A1E78E25500B726FA /* Security */,
				0CEB3D861E78E22500B726FA /* Socket */,
				0CE78D3F1E6E4BD600628F55 /* AFAudioRouter.h */,
				0CE78D401E6E4BD600628F55 /* AFAudioRouter.m */,
				0CE78D411E6E4BD600628F55 /* AFSoundManager.h */,
				0CE78D421E6E4BD600628F55 /* AFSoundManager.m */,
				0C057BFD1E67F42F00B7A9CC /* QMHttpTool.h */,
				0C057BFE1E67F42F00B7A9CC /* QMHttpTool.m */,
				0C2B2AC31E779194006D0378 /* QMDataSourceTool.h */,
				0C2B2AC41E779194006D0378 /* QMDataSourceTool.m */,
				0CEB3D9E1E78E33F00B726FA /* QMCaptureTool.h */,
				0CEB3D9F1E78E33F00B726FA /* QMCaptureTool.m */,
			);
			path = Tools;
			sourceTree = "<group>";
		};
		0C057BAF1E67EC5900B7A9CC /* Common */ = {
			isa = PBXGroup;
			children = (
				0C057BFA1E67EE3A00B7A9CC /* QMPublicDefine.h */,
				0C057BFB1E67EE4900B7A9CC /* QMPublicHeader.h */,
				0C057BFC1E67EE5D00B7A9CC /* QMPublicNetwork.h */,
			);
			path = Common;
			sourceTree = "<group>";
		};
		0C057BB11E67ECCF00B7A9CC /* SDWebImage */ = {
			isa = PBXGroup;
			children = (
				0C057BB21E67ECCF00B7A9CC /* MKAnnotationView+WebCache.h */,
				0C057BB31E67ECCF00B7A9CC /* MKAnnotationView+WebCache.m */,
				0C057BB41E67ECCF00B7A9CC /* NSData+ImageContentType.h */,
				0C057BB51E67ECCF00B7A9CC /* NSData+ImageContentType.m */,
				0C057BB61E67ECCF00B7A9CC /* SDImageCache.h */,
				0C057BB71E67ECCF00B7A9CC /* SDImageCache.m */,
				0C057BB81E67ECCF00B7A9CC /* SDWebImageCompat.h */,
				0C057BB91E67ECCF00B7A9CC /* SDWebImageCompat.m */,
				0C057BBA1E67ECCF00B7A9CC /* SDWebImageDecoder.h */,
				0C057BBB1E67ECCF00B7A9CC /* SDWebImageDecoder.m */,
				0C057BBC1E67ECCF00B7A9CC /* SDWebImageDownloader.h */,
				0C057BBD1E67ECCF00B7A9CC /* SDWebImageDownloader.m */,
				0C057BBE1E67ECCF00B7A9CC /* SDWebImageDownloaderOperation.h */,
				0C057BBF1E67ECCF00B7A9CC /* SDWebImageDownloaderOperation.m */,
				0C057BC01E67ECCF00B7A9CC /* SDWebImageManager.h */,
				0C057BC11E67ECCF00B7A9CC /* SDWebImageManager.m */,
				0C057BC21E67ECCF00B7A9CC /* SDWebImageOperation.h */,
				0C057BC31E67ECCF00B7A9CC /* SDWebImagePrefetcher.h */,
				0C057BC41E67ECCF00B7A9CC /* SDWebImagePrefetcher.m */,
				0C057BC51E67ECCF00B7A9CC /* UIButton+WebCache.h */,
				0C057BC61E67ECCF00B7A9CC /* UIButton+WebCache.m */,
				0C057BC71E67ECCF00B7A9CC /* UIImage+GIF.h */,
				0C057BC81E67ECCF00B7A9CC /* UIImage+GIF.m */,
				0C057BC91E67ECCF00B7A9CC /* UIImage+MultiFormat.h */,
				0C057BCA1E67ECCF00B7A9CC /* UIImage+MultiFormat.m */,
				0C057BCB1E67ECCF00B7A9CC /* UIImage+WebP.h */,
				0C057BCC1E67ECCF00B7A9CC /* UIImage+WebP.m */,
				0C057BCD1E67ECCF00B7A9CC /* UIImageView+HighlightedWebCache.h */,
				0C057BCE1E67ECCF00B7A9CC /* UIImageView+HighlightedWebCache.m */,
				0C057BCF1E67ECCF00B7A9CC /* UIImageView+WebCache.h */,
				0C057BD01E67ECCF00B7A9CC /* UIImageView+WebCache.m */,
				0C057BD11E67ECCF00B7A9CC /* UIView+WebCacheOperation.h */,
				0C057BD21E67ECCF00B7A9CC /* UIView+WebCacheOperation.m */,
			);
			path = SDWebImage;
			sourceTree = "<group>";
		};
		0C057BD31E67ECCF00B7A9CC /* AFNetworking */ = {
			isa = PBXGroup;
			children = (
				0C057BD41E67ECCF00B7A9CC /* AFHTTPSessionManager.h */,
				0C057BD51E67ECCF00B7A9CC /* AFHTTPSessionManager.m */,
				0C057BD61E67ECCF00B7A9CC /* AFNetworking.h */,
				0C057BD71E67ECCF00B7A9CC /* AFNetworkReachabilityManager.h */,
				0C057BD81E67ECCF00B7A9CC /* AFNetworkReachabilityManager.m */,
				0C057BD91E67ECCF00B7A9CC /* AFSecurityPolicy.h */,
				0C057BDA1E67ECCF00B7A9CC /* AFSecurityPolicy.m */,
				0C057BDB1E67ECCF00B7A9CC /* AFURLRequestSerialization.h */,
				0C057BDC1E67ECCF00B7A9CC /* AFURLRequestSerialization.m */,
				0C057BDD1E67ECCF00B7A9CC /* AFURLResponseSerialization.h */,
				0C057BDE1E67ECCF00B7A9CC /* AFURLResponseSerialization.m */,
				0C057BDF1E67ECCF00B7A9CC /* AFURLSessionManager.h */,
				0C057BE01E67ECCF00B7A9CC /* AFURLSessionManager.m */,
			);
			path = AFNetworking;
			sourceTree = "<group>";
		};
		0C057C031E67F5CF00B7A9CC /* UIViewCategory */ = {
			isa = PBXGroup;
			children = (
				0C057C041E67F5CF00B7A9CC /* Extention */,
				0C057C091E67F5CF00B7A9CC /* Toast */,
				0C057C0C1E67F5CF00B7A9CC /* UIView+SubView.h */,
				0C057C0D1E67F5CF00B7A9CC /* UIView+SubView.m */,
			);
			path = UIViewCategory;
			sourceTree = "<group>";
		};
		0C057C041E67F5CF00B7A9CC /* Extention */ = {
			isa = PBXGroup;
			children = (
				0C057C051E67F5CF00B7A9CC /* UIView+Extension.h */,
				0C057C061E67F5CF00B7A9CC /* UIView+Extension.m */,
				0C057C071E67F5CF00B7A9CC /* UIView+Extention.h */,
				0C057C081E67F5CF00B7A9CC /* UIView+Extention.m */,
			);
			path = Extention;
			sourceTree = "<group>";
		};
		0C057C091E67F5CF00B7A9CC /* Toast */ = {
			isa = PBXGroup;
			children = (
				0C057C0A1E67F5CF00B7A9CC /* UIView+Toast.h */,
				0C057C0B1E67F5CF00B7A9CC /* UIView+Toast.m */,
			);
			path = Toast;
			sourceTree = "<group>";
		};
		0C057C191E67FAED00B7A9CC /* MusicSetting */ = {
			isa = PBXGroup;
			children = (
				0C057C2A1E67FBC900B7A9CC /* View */,
				0C057C2B1E67FBC900B7A9CC /* Model */,
				0C057C2C1E67FBC900B7A9CC /* Controller */,
			);
			path = MusicSetting;
			sourceTree = "<group>";
		};
		0C057C201E67FBA600B7A9CC /* Controller */ = {
			isa = PBXGroup;
			children = (
				0C057C211E67FBA600B7A9CC /* QMBaseViewController.h */,
				0C057C221E67FBA600B7A9CC /* QMBaseViewController.m */,
				0C057C251E67FBA600B7A9CC /* QMNavigationController.h */,
				0C057C261E67FBA600B7A9CC /* QMNavigationController.m */,
				0C057C231E67FBA600B7A9CC /* QMMainViewController.h */,
				0C057C241E67FBA600B7A9CC /* QMMainViewController.m */,
				0C8871E01E69440600A2D295 /* QMContainersViewController.h */,
				0C8871E11E69440600A2D295 /* QMContainersViewController.m */,
				0C8871E31E69441F00A2D295 /* QMLeftMenuViewController.h */,
				0C8871E41E69441F00A2D295 /* QMLeftMenuViewController.m */,
			);
			path = Controller;
			sourceTree = "<group>";
		};
		0C057C2A1E67FBC900B7A9CC /* View */ = {
			isa = PBXGroup;
			children = (
			);
			path = View;
			sourceTree = "<group>";
		};
		0C057C2B1E67FBC900B7A9CC /* Model */ = {
			isa = PBXGroup;
			children = (
			);
			path = Model;
			sourceTree = "<group>";
		};
		0C057C2C1E67FBC900B7A9CC /* Controller */ = {
			isa = PBXGroup;
			children = (
				0C057C2D1E67FBD700B7A9CC /* QMSettingViewController.h */,
				0C057C2E1E67FBD700B7A9CC /* QMSettingViewController.m */,
			);
			path = Controller;
			sourceTree = "<group>";
		};
		0C0E251E1E72551500758ABA /* MusicContainer */ = {
			isa = PBXGroup;
			children = (
				0C0E251F1E72551500758ABA /* Controller */,
				0C0E25201E72551500758ABA /* Model */,
				0C0E25211E72551500758ABA /* View */,
			);
			path = MusicContainer;
			sourceTree = "<group>";
		};
		0C0E251F1E72551500758ABA /* Controller */ = {
			isa = PBXGroup;
			children = (
				0C0E25221E72554600758ABA /* QMRootTopBarViewController.h */,
				0C0E25231E72554600758ABA /* QMRootTopBarViewController.m */,
			);
			path = Controller;
			sourceTree = "<group>";
		};
		0C0E25201E72551500758ABA /* Model */ = {
			isa = PBXGroup;
			children = (
			);
			path = Model;
			sourceTree = "<group>";
		};
		0C0E25211E72551500758ABA /* View */ = {
			isa = PBXGroup;
			children = (
			);
			path = View;
			sourceTree = "<group>";
		};
		0C0E25281E7258A500758ABA /* View */ = {
			isa = PBXGroup;
			children = (
				0C0E25291E7258B600758ABA /* BETouchView.h */,
				0C0E252A1E7258B600758ABA /* BETouchView.m */,
			);
			path = View;
			sourceTree = "<group>";
		};
		0C8871E61E69460300A2D295 /* StaticImage */ = {
			isa = PBXGroup;
			children = (
			);
			path = StaticImage;
			sourceTree = "<group>";
		};
		0CB0CD461E7B958F001F7D9B /* JKBigInteger */ = {
			isa = PBXGroup;
			children = (
				0CB0CD471E7B958F001F7D9B /* JKBigDecimal.h */,
				0CB0CD481E7B958F001F7D9B /* JKBigDecimal.m */,
				0CB0CD491E7B958F001F7D9B /* JKBigInteger.h */,
				0CB0CD4A1E7B958F001F7D9B /* JKBigInteger.m */,
				0CB0CD4B1E7B958F001F7D9B /* LibTomMath */,
			);
			path = JKBigInteger;
			sourceTree = "<group>";
		};
		0CB0CD4B1E7B958F001F7D9B /* LibTomMath */ = {
			isa = PBXGroup;
			children = (
				0CB0CD4C1E7B958F001F7D9B /* tommath.m */,
				0CB0CD4D1E7B958F001F7D9B /* tommath.h */,
				0CB0CD4E1E7B958F001F7D9B /* tommath_class.h */,
				0CB0CD4F1E7B958F001F7D9B /* tommath_superclass.h */,
			);
			path = LibTomMath;
			sourceTree = "<group>";
		};
		0CB0CD711E7BD62F001F7D9B /* Model */ = {
			isa = PBXGroup;
			children = (
				0CB0CD721E7BD6D6001F7D9B /* LocalDataSource.h */,
				0CB0CD731E7BD6D6001F7D9B /* LocalDataSource.m */,
			);
			path = Model;
			sourceTree = "<group>";
		};
		0CBDC1D61E7A308600CC5387 /* WebServer */ = {
			isa = PBXGroup;
			children = (
				0CBDC1D71E7A309F00CC5387 /* QMMusicCenterRequest.h */,
				0CBDC1D81E7A309F00CC5387 /* QMMusicCenterRequest.m */,
			);
			path = WebServer;
			sourceTree = "<group>";
		};
		0CEB3D861E78E22500B726FA /* Socket */ = {
			isa = PBXGroup;
			children = (
				0CEB3DA11E790CA300B726FA /* GCDAsyncSocket.h */,
				0CEB3DA21E790CA300B726FA /* GCDAsyncSocket.m */,
				0CEB3D871E78E22500B726FA /* GCDAsyncUdpSocket.h */,
				0CEB3D881E78E22500B726FA /* GCDAsyncUdpSocket.m */,
			);
			path = Socket;
			sourceTree = "<group>";
		};
		0CEB3D8A1E78E25500B726FA /* Security */ = {
			isa = PBXGroup;
			children = (
				0CBDC1DB1E7A33C000CC5387 /* SecurityUtil.h */,
				0CBDC1DA1E7A33C000CC5387 /* SecurityUtil.m */,
				0CEB3D8B1E78E25500B726FA /* GTMBase64.h */,
				0CEB3D8C1E78E25500B726FA /* GTMBase64.m */,
				0CEB3D8D1E78E25500B726FA /* GTMDefines.h */,
				0CEB3D921E78E25500B726FA /* NSData+NSData_AES.h */,
				0CEB3D931E78E25500B726FA /* NSData+NSData_AES.m */,
				0CEB3D941E78E25500B726FA /* NuRSAKey.h */,
				0CEB3D951E78E25500B726FA /* NuRSAKey.m */,
				0CEB3D961E78E25500B726FA /* RSA.h */,
				0CEB3D971E78E25500B726FA /* RSA.m */,
			);
			path = Security;
			sourceTree = "<group>";
		};
		0CFE6FA21E6FA51300B1280D /* MusicMine */ = {
			isa = PBXGroup;
			children = (
				0CFE6FA31E6FA51300B1280D /* Controller */,
				0CFE6FA61E6FA51300B1280D /* Model */,
				0CFE6FA71E6FA51300B1280D /* View */,
			);
			path = MusicMine;
			sourceTree = "<group>";
		};
		0CFE6FA31E6FA51300B1280D /* Controller */ = {
			isa = PBXGroup;
			children = (
				0CFE6FA41E6FA51300B1280D /* QMMineViewController.h */,
				0CFE6FA51E6FA51300B1280D /* QMMineViewController.m */,
			);
			path = Controller;
			sourceTree = "<group>";
		};
		0CFE6FA61E6FA51300B1280D /* Model */ = {
			isa = PBXGroup;
			children = (
			);
			path = Model;
			sourceTree = "<group>";
		};
		0CFE6FA71E6FA51300B1280D /* View */ = {
			isa = PBXGroup;
			children = (
				0CB0CD5F1E7BC881001F7D9B /* QMImageRoundButton.h */,
				0CB0CD601E7BC881001F7D9B /* QMImageRoundButton.m */,
				0CB0CD621E7BCF02001F7D9B /* MyMusicUserInfoCollectionCell.h */,
				0CB0CD631E7BCF02001F7D9B /* MyMusicUserInfoCollectionCell.m */,
				0CB0CD651E7BCF65001F7D9B /* MyMusicGridNumCell.h */,
				0CB0CD661E7BCF65001F7D9B /* MyMusicGridNumCell.m */,
				0CB0CD681E7BCF90001F7D9B /* MyMusicGuessiLikeCollectionCell.h */,
				0CB0CD691E7BCF90001F7D9B /* MyMusicGuessiLikeCollectionCell.m */,
				0CB0CD6B1E7BCFA1001F7D9B /* MyMusicTitleCell.h */,
				0CB0CD6C1E7BCFA1001F7D9B /* MyMusicTitleCell.m */,
			);
			path = View;
			sourceTree = "<group>";
		};
		0CFE6FA81E6FA51300B1280D /* MusicLibrary */ = {
			isa = PBXGroup;
			children = (
				0CFE6FA91E6FA51300B1280D /* Controller */,
				0CFE6FAC1E6FA51300B1280D /* Model */,
				0CFE6FAD1E6FA51300B1280D /* View */,
			);
			path = MusicLibrary;
			sourceTree = "<group>";
		};
		0CFE6FA91E6FA51300B1280D /* Controller */ = {
			isa = PBXGroup;
			children = (
				0CFE6FAA1E6FA51300B1280D /* QMMusicLibraryViewController.h */,
				0CFE6FAB1E6FA51300B1280D /* QMMusicLibraryViewController.m */,
				0C1AB0DB1E7FD38600AF88F9 /* QMMusicSingerViewController.h */,
				0C1AB0DC1E7FD38600AF88F9 /* QMMusicSingerViewController.m */,
				0CCA83F21E81248B00176D0C /* QMMusicRankingViewController.h */,
				0CCA83F31E81248B00176D0C /* QMMusicRankingViewController.m */,
				0CCA83F81E81291200176D0C /* QMMusicRankingListViewController.h */,
				0CCA83F91E81291200176D0C /* QMMusicRankingListViewController.m */,
			);
			path = Controller;
			sourceTree = "<group>";
		};
		0CFE6FAC1E6FA51300B1280D /* Model */ = {
			isa = PBXGroup;
			children = (
			);
			path = Model;
			sourceTree = "<group>";
		};
		0CFE6FAD1E6FA51300B1280D /* View */ = {
			isa = PBXGroup;
			children = (
				0C1AB0CC1E7FC36200AF88F9 /* LibMusicBannerCell.h */,
				0C1AB0CD1E7FC36200AF88F9 /* LibMusicBannerCell.m */,
				0C1AB0CF1E7FC37C00AF88F9 /* LibMusicGridNumCell.h */,
				0C1AB0D01E7FC37C00AF88F9 /* LibMusicGridNumCell.m */,
				0C1AB0D21E7FC3BB00AF88F9 /* LibMusicHotRecommendCell.h */,
				0C1AB0D31E7FC3BB00AF88F9 /* LibMusicHotRecommendCell.m */,
				0C1AB0D51E7FC3D900AF88F9 /* LibMusicDayRecommendCell.h */,
				0C1AB0D61E7FC3D900AF88F9 /* LibMusicDayRecommendCell.m */,
				0C1AB0D81E7FC43900AF88F9 /* LibMusicNewExpressCell.h */,
				0C1AB0D91E7FC43900AF88F9 /* LibMusicNewExpressCell.m */,
				0C1AB0DE1E7FDE9500AF88F9 /* SingerCell.h */,
				0C1AB0DF1E7FDE9500AF88F9 /* SingerCell.m */,
			);
			path = View;
			sourceTree = "<group>";
		};
		0CFE6FB61E6FCB7800B1280D /* Frameworks */ = {
			isa = PBXGroup;
			children = (
				0C2B2AC91E779A3F006D0378 /* libxml2.tbd */,
				0CFE6FB71E6FCB7800B1280D /* ReplayKit.framework */,
			);
			name = Frameworks;
			sourceTree = "<group>";
		};
		0CFE6FC31E6FFA1800B1280D /* MusicPlayer */ = {
			isa = PBXGroup;
			children = (
				0CFE6FC41E6FFA3100B1280D /* View */,
				0CFE6FC51E6FFA3100B1280D /* Model */,
				0CFE6FC61E6FFA3100B1280D /* Controller */,
			);
			path = MusicPlayer;
			sourceTree = "<group>";
		};
		0CFE6FC41E6FFA3100B1280D /* View */ = {
			isa = PBXGroup;
			children = (
				0CFE6FC71E6FFA3E00B1280D /* QMMiniPlayerView.h */,
				0CFE6FC81E6FFA3E00B1280D /* QMMiniPlayerView.m */,
				0CFE6FCA1E6FFA9F00B1280D /* QMLyricView.h */,
				0CFE6FCB1E6FFA9F00B1280D /* QMLyricView.m */,
				0CFE6FCD1E6FFAD200B1280D /* QMPlayingView.h */,
				0CFE6FCE1E6FFAD200B1280D /* QMPlayingView.m */,
				0CFE6FD01E6FFC8F00B1280D /* QMLandscapePlayingView.h */,
				0CFE6FD11E6FFC8F00B1280D /* QMLandscapePlayingView.m */,
				0C0E252C1E7279B300758ABA /* QMMiniPlayerPlayButton.h */,
				0C0E252D1E7279B300758ABA /* QMMiniPlayerPlayButton.m */,
				0CF56EB11E76492D00E114C8 /* QMMiniPlayerScrollItem.h */,
				0CF56EB21E76492D00E114C8 /* QMMiniPlayerScrollItem.m */,
				0CF56EB71E76996600E114C8 /* AutoScrollTextView.h */,
				0CF56EB81E76996600E114C8 /* AutoScrollTextView.m */,
				0CF56EBA1E76A97100E114C8 /* AutoScrollLabel.h */,
				0CF56EBB1E76A97100E114C8 /* AutoScrollLabel.m */,
				0CDA96D21E778E3100DF8EEC /* BENoTouchView.h */,
				0CDA96D31E778E3100DF8EEC /* BENoTouchView.m */,
				0C5FC1261E8369A3000977F6 /* QMPlaySlider.h */,
				0C5FC1271E8369A3000977F6 /* QMPlaySlider.m */,
			);
			path = View;
			sourceTree = "<group>";
		};
		0CFE6FC51E6FFA3100B1280D /* Model */ = {
			isa = PBXGroup;
			children = (
				0C0E25321E728C7900758ABA /* AudioPlayManager.h */,
				0C0E25331E728C7900758ABA /* AudioPlayManager.m */,
			);
			path = Model;
			sourceTree = "<group>";
		};
		0CFE6FC61E6FFA3100B1280D /* Controller */ = {
			isa = PBXGroup;
			children = (
				0CFE6FD31E70076600B1280D /* QMMiniPlayerController.h */,
				0CFE6FD41E70076600B1280D /* QMMiniPlayerController.m */,
				0C0E25251E72586F00758ABA /* QMAudioPlayerViewController.h */,
				0C0E25261E72586F00758ABA /* QMAudioPlayerViewController.m */,
			);
			path = Controller;
			sourceTree = "<group>";
		};
/* End PBXGroup section */

/* Begin PBXNativeTarget section */
		0C057B861E67EB1E00B7A9CC /* QQMusic */ = {
			isa = PBXNativeTarget;
			buildConfigurationList = 0C057B9E1E67EB1E00B7A9CC /* Build configuration list for PBXNativeTarget "QQMusic" */;
			buildPhases = (
				0C057B831E67EB1E00B7A9CC /* Sources */,
				0C057B841E67EB1E00B7A9CC /* Frameworks */,
				0C057B851E67EB1E00B7A9CC /* Resources */,
			);
			buildRules = (
			);
			dependencies = (
			);
			name = QQMusic;
			productName = QQMusic;
			productReference = 0C057B871E67EB1E00B7A9CC /* QQMusic.app */;
			productType = "com.apple.product-type.application";
		};
/* End PBXNativeTarget section */

/* Begin PBXProject section */
		0C057B7F1E67EB1E00B7A9CC /* Project object */ = {
			isa = PBXProject;
			attributes = {
				LastUpgradeCheck = 0820;
				ORGANIZATIONNAME = xwmedia01;
				TargetAttributes = {
					0C057B861E67EB1E00B7A9CC = {
						CreatedOnToolsVersion = 8.2;
						DevelopmentTeam = U7ZS2JEVUH;
						ProvisioningStyle = Manual;
					};
				};
			};
			buildConfigurationList = 0C057B821E67EB1E00B7A9CC /* Build configuration list for PBXProject "QQMusic" */;
			compatibilityVersion = "Xcode 3.2";
			developmentRegion = English;
			hasScannedForEncodings = 0;
			knownRegions = (
				en,
				Base,
			);
			mainGroup = 0C057B7E1E67EB1E00B7A9CC;
			productRefGroup = 0C057B881E67EB1E00B7A9CC /* Products */;
			projectDirPath = "";
			projectRoot = "";
			targets = (
				0C057B861E67EB1E00B7A9CC /* QQMusic */,
			);
		};
/* End PBXProject section */

/* Begin PBXResourcesBuildPhase section */
		0C057B851E67EB1E00B7A9CC /* Resources */ = {
			isa = PBXResourcesBuildPhase;
			buildActionMask = 2147483647;
			files = (
				0C057BA61E67EBF000B7A9CC /* Info.plist in Resources */,
				0C057B971E67EB1E00B7A9CC /* Images.xcassets in Resources */,
			);
			runOnlyForDeploymentPostprocessing = 0;
		};
/* End PBXResourcesBuildPhase section */

/* Begin PBXSourcesBuildPhase section */
		0C057B831E67EB1E00B7A9CC /* Sources */ = {
			isa = PBXSourcesBuildPhase;
			buildActionMask = 2147483647;
			files = (
				0CB0CD6A1E7BCF90001F7D9B /* MyMusicGuessiLikeCollectionCell.m in Sources */,
				0C057BFF1E67F42F00B7A9CC /* QMHttpTool.m in Sources */,
				0CFE6FC91E6FFA3E00B1280D /* QMMiniPlayerView.m in Sources */,
				0C057BEB1E67ECCF00B7A9CC /* UIImage+GIF.m in Sources */,
				0C057C111E67F5CF00B7A9CC /* UIView+SubView.m in Sources */,
				0C1AB0D71E7FC3D900AF88F9 /* LibMusicDayRecommendCell.m in Sources */,
				0CB0CD701E7BD190001F7D9B /* UIColor+Category.m in Sources */,
				0C057C0E1E67F5CF00B7A9CC /* UIView+Extension.m in Sources */,
				0CEB3D9D1E78E25600B726FA /* RSA.m in Sources */,
				0C057BF11E67ECCF00B7A9CC /* AFHTTPSessionManager.m in Sources */,
				0C057C291E67FBA600B7A9CC /* QMNavigationController.m in Sources */,
				0CB0CD741E7BD6D6001F7D9B /* LocalDataSource.m in Sources */,
				0CB0CD6D1E7BCFA1001F7D9B /* MyMusicTitleCell.m in Sources */,
				0CFE6FCC1E6FFA9F00B1280D /* QMLyricView.m in Sources */,
				0CB0CD581E7BB8D7001F7D9B /* LRCParser.m in Sources */,
				0C057C101E67F5CF00B7A9CC /* UIView+Toast.m in Sources */,
				0C057BF21E67ECCF00B7A9CC /* AFNetworkReachabilityManager.m in Sources */,
				0C8871E51E69441F00A2D295 /* QMLeftMenuViewController.m in Sources */,
				0CEB3D891E78E22500B726FA /* GCDAsyncUdpSocket.m in Sources */,
				0CB0CD551E7B9739001F7D9B /* NSObject+Category.m in Sources */,
				0C057BE61E67ECCF00B7A9CC /* SDWebImageDownloader.m in Sources */,
				0CB0CD611E7BC881001F7D9B /* QMImageRoundButton.m in Sources */,
				0CB0CD501E7B958F001F7D9B /* JKBigDecimal.m in Sources */,
				0CCA83F41E81248B00176D0C /* QMMusicRankingViewController.m in Sources */,
				0C057BEE1E67ECCF00B7A9CC /* UIImageView+HighlightedWebCache.m in Sources */,
				0C0E25241E72554600758ABA /* QMRootTopBarViewController.m in Sources */,
				0C057C271E67FBA600B7A9CC /* QMBaseViewController.m in Sources */,
				0CEB3D9C1E78E25600B726FA /* NuRSAKey.m in Sources */,
				0CB0CD521E7B958F001F7D9B /* tommath.m in Sources */,
				0C0E25341E728C7900758ABA /* AudioPlayManager.m in Sources */,
				0C1AB0E01E7FDE9500AF88F9 /* SingerCell.m in Sources */,
				0C057BEA1E67ECCF00B7A9CC /* UIButton+WebCache.m in Sources */,
				0C5FC1281E8369A3000977F6 /* QMPlaySlider.m in Sources */,
				0C1AB0CE1E7FC36200AF88F9 /* LibMusicBannerCell.m in Sources */,
				0C057BEF1E67ECCF00B7A9CC /* UIImageView+WebCache.m in Sources */,
				0CF56EB91E76996600E114C8 /* AutoScrollTextView.m in Sources */,
				0CFE6FCF1E6FFAD200B1280D /* QMPlayingView.m in Sources */,
				0C057BF41E67ECCF00B7A9CC /* AFURLRequestSerialization.m in Sources */,
				0CBDC1D91E7A309F00CC5387 /* QMMusicCenterRequest.m in Sources */,
				0C057BF31E67ECCF00B7A9CC /* AFSecurityPolicy.m in Sources */,
				0C057C281E67FBA600B7A9CC /* QMMainViewController.m in Sources */,
				0C057BF61E67ECCF00B7A9CC /* AFURLSessionManager.m in Sources */,
				0C057BE51E67ECCF00B7A9CC /* SDWebImageDecoder.m in Sources */,
				0C057C0F1E67F5CF00B7A9CC /* UIView+Extention.m in Sources */,
				0C057BA81E67EBF000B7A9CC /* QMAppDelegate.m in Sources */,
				0C8871E21E69440600A2D295 /* QMContainersViewController.m in Sources */,
				0C057BE41E67ECCF00B7A9CC /* SDWebImageCompat.m in Sources */,
				0CEB3DA01E78E33F00B726FA /* QMCaptureTool.m in Sources */,
				0CF56EB01E76358400E114C8 /* UIScrollView+UITouch.m in Sources */,
				0CFE6FD21E6FFC8F00B1280D /* QMLandscapePlayingView.m in Sources */,
				0CF56EBC1E76A97100E114C8 /* AutoScrollLabel.m in Sources */,
				0CEB3D981E78E25500B726FA /* GTMBase64.m in Sources */,
				0CB0CD671E7BCF65001F7D9B /* MyMusicGridNumCell.m in Sources */,
				0CB0CD641E7BCF02001F7D9B /* MyMusicUserInfoCollectionCell.m in Sources */,
				0C057BA71E67EBF000B7A9CC /* main.m in Sources */,
				0CFE6FAF1E6FA51300B1280D /* QMMusicLibraryViewController.m in Sources */,
				0C057BED1E67ECCF00B7A9CC /* UIImage+WebP.m in Sources */,
				0CEB3DA31E790CA300B726FA /* GCDAsyncSocket.m in Sources */,
				0CEB3D9B1E78E25600B726FA /* NSData+NSData_AES.m in Sources */,
				0C057BE21E67ECCF00B7A9CC /* NSData+ImageContentType.m in Sources */,
				0C057BE71E67ECCF00B7A9CC /* SDWebImageDownloaderOperation.m in Sources */,
				0C057C2F1E67FBD700B7A9CC /* QMSettingViewController.m in Sources */,
				0C057BE81E67ECCF00B7A9CC /* SDWebImageManager.m in Sources */,
				0CB0CD5B1E7BBCBE001F7D9B /* NSString+Validate.m in Sources */,
				0C0E252E1E7279B300758ABA /* QMMiniPlayerPlayButton.m in Sources */,
				0C057BEC1E67ECCF00B7A9CC /* UIImage+MultiFormat.m in Sources */,
				0C057BE91E67ECCF00B7A9CC /* SDWebImagePrefetcher.m in Sources */,
				0C0E25271E72586F00758ABA /* QMAudioPlayerViewController.m in Sources */,
				0CE78D441E6E4BD600628F55 /* AFSoundManager.m in Sources */,
				0CCA83FA1E81291200176D0C /* QMMusicRankingListViewController.m in Sources */,
				0C1AB0DA1E7FC43900AF88F9 /* LibMusicNewExpressCell.m in Sources */,
				0C1AB0D41E7FC3BB00AF88F9 /* LibMusicHotRecommendCell.m in Sources */,
				0C057BE11E67ECCF00B7A9CC /* MKAnnotationView+WebCache.m in Sources */,
				0CBDC1E51E7A78AA00CC5387 /* NSString+Category.m in Sources */,
				0CBDC1DC1E7A33C000CC5387 /* SecurityUtil.m in Sources */,
				0CB0CD511E7B958F001F7D9B /* JKBigInteger.m in Sources */,
				0CF56EB31E76492D00E114C8 /* QMMiniPlayerScrollItem.m in Sources */,
				0CFE6FAE1E6FA51300B1280D /* QMMineViewController.m in Sources */,
				0C057BF01E67ECCF00B7A9CC /* UIView+WebCacheOperation.m in Sources */,
				0C057BE31E67ECCF00B7A9CC /* SDImageCache.m in Sources */,
				0C0E252B1E7258B600758ABA /* BETouchView.m in Sources */,
				0CFE6FD51E70076600B1280D /* QMMiniPlayerController.m in Sources */,
				0CE78D431E6E4BD600628F55 /* AFAudioRouter.m in Sources */,
				0C057BF51E67ECCF00B7A9CC /* AFURLResponseSerialization.m in Sources */,
				0C2B2AC51E779194006D0378 /* QMDataSourceTool.m in Sources */,
				0CDA96D41E778E3100DF8EEC /* BENoTouchView.m in Sources */,
				0C1AB0D11E7FC37C00AF88F9 /* LibMusicGridNumCell.m in Sources */,
				0C1AB0DD1E7FD38600AF88F9 /* QMMusicSingerViewController.m in Sources */,
			);
			runOnlyForDeploymentPostprocessing = 0;
		};
/* End PBXSourcesBuildPhase section */

/* Begin XCBuildConfiguration section */
		0C057B9C1E67EB1E00B7A9CC /* Debug */ = {
			isa = XCBuildConfiguration;
			buildSettings = {
				ALWAYS_SEARCH_USER_PATHS = NO;
				CLANG_ANALYZER_NONNULL = YES;
				CLANG_CXX_LANGUAGE_STANDARD = "gnu++0x";
				CLANG_CXX_LIBRARY = "libc++";
				CLANG_ENABLE_MODULES = YES;
				CLANG_ENABLE_OBJC_ARC = YES;
				CLANG_WARN_BOOL_CONVERSION = YES;
				CLANG_WARN_CONSTANT_CONVERSION = YES;
				CLANG_WARN_DIRECT_OBJC_ISA_USAGE = YES_ERROR;
				CLANG_WARN_DOCUMENTATION_COMMENTS = YES;
				CLANG_WARN_EMPTY_BODY = YES;
				CLANG_WARN_ENUM_CONVERSION = YES;
				CLANG_WARN_INFINITE_RECURSION = YES;
				CLANG_WARN_INT_CONVERSION = YES;
				CLANG_WARN_OBJC_ROOT_CLASS = YES_ERROR;
				CLANG_WARN_SUSPICIOUS_MOVE = YES;
				CLANG_WARN_UNREACHABLE_CODE = YES;
				CLANG_WARN__DUPLICATE_METHOD_MATCH = YES;
				"CODE_SIGN_IDENTITY[sdk=iphoneos*]" = "iPhone Developer";
				COPY_PHASE_STRIP = NO;
				DEBUG_INFORMATION_FORMAT = dwarf;
				ENABLE_STRICT_OBJC_MSGSEND = YES;
				ENABLE_TESTABILITY = YES;
				GCC_C_LANGUAGE_STANDARD = gnu99;
				GCC_DYNAMIC_NO_PIC = NO;
				GCC_NO_COMMON_BLOCKS = YES;
				GCC_OPTIMIZATION_LEVEL = 0;
				GCC_PREPROCESSOR_DEFINITIONS = (
					"DEBUG=1",
					"$(inherited)",
				);
				GCC_WARN_64_TO_32_BIT_CONVERSION = YES;
				GCC_WARN_ABOUT_RETURN_TYPE = YES_ERROR;
				GCC_WARN_UNDECLARED_SELECTOR = YES;
				GCC_WARN_UNINITIALIZED_AUTOS = YES_AGGRESSIVE;
				GCC_WARN_UNUSED_FUNCTION = YES;
				GCC_WARN_UNUSED_VARIABLE = YES;
				IPHONEOS_DEPLOYMENT_TARGET = 10.2;
				MTL_ENABLE_DEBUG_INFO = YES;
				ONLY_ACTIVE_ARCH = YES;
				SDKROOT = iphoneos;
				TARGETED_DEVICE_FAMILY = "1,2";
			};
			name = Debug;
		};
		0C057B9D1E67EB1E00B7A9CC /* Release */ = {
			isa = XCBuildConfiguration;
			buildSettings = {
				ALWAYS_SEARCH_USER_PATHS = NO;
				CLANG_ANALYZER_NONNULL = YES;
				CLANG_CXX_LANGUAGE_STANDARD = "gnu++0x";
				CLANG_CXX_LIBRARY = "libc++";
				CLANG_ENABLE_MODULES = YES;
				CLANG_ENABLE_OBJC_ARC = YES;
				CLANG_WARN_BOOL_CONVERSION = YES;
				CLANG_WARN_CONSTANT_CONVERSION = YES;
				CLANG_WARN_DIRECT_OBJC_ISA_USAGE = YES_ERROR;
				CLANG_WARN_DOCUMENTATION_COMMENTS = YES;
				CLANG_WARN_EMPTY_BODY = YES;
				CLANG_WARN_ENUM_CONVERSION = YES;
				CLANG_WARN_INFINITE_RECURSION = YES;
				CLANG_WARN_INT_CONVERSION = YES;
				CLANG_WARN_OBJC_ROOT_CLASS = YES_ERROR;
				CLANG_WARN_SUSPICIOUS_MOVE = YES;
				CLANG_WARN_UNREACHABLE_CODE = YES;
				CLANG_WARN__DUPLICATE_METHOD_MATCH = YES;
				"CODE_SIGN_IDENTITY[sdk=iphoneos*]" = "iPhone Developer";
				COPY_PHASE_STRIP = NO;
				DEBUG_INFORMATION_FORMAT = "dwarf-with-dsym";
				ENABLE_NS_ASSERTIONS = NO;
				ENABLE_STRICT_OBJC_MSGSEND = YES;
				GCC_C_LANGUAGE_STANDARD = gnu99;
				GCC_NO_COMMON_BLOCKS = YES;
				GCC_WARN_64_TO_32_BIT_CONVERSION = YES;
				GCC_WARN_ABOUT_RETURN_TYPE = YES_ERROR;
				GCC_WARN_UNDECLARED_SELECTOR = YES;
				GCC_WARN_UNINITIALIZED_AUTOS = YES_AGGRESSIVE;
				GCC_WARN_UNUSED_FUNCTION = YES;
				GCC_WARN_UNUSED_VARIABLE = YES;
				IPHONEOS_DEPLOYMENT_TARGET = 10.2;
				MTL_ENABLE_DEBUG_INFO = NO;
				SDKROOT = iphoneos;
				TARGETED_DEVICE_FAMILY = "1,2";
				VALIDATE_PRODUCT = YES;
			};
			name = Release;
		};
		0C057B9F1E67EB1E00B7A9CC /* Debug */ = {
			isa = XCBuildConfiguration;
			buildSettings = {
				ASSETCATALOG_COMPILER_APPICON_NAME = AppIcon;
				ASSETCATALOG_COMPILER_LAUNCHIMAGE_NAME = LaunchImage;
				DEVELOPMENT_TEAM = U7ZS2JEVUH;
				GCC_PREFIX_HEADER = QQMusic/Main/QQMusic_PrefixHeader.pch;
				INFOPLIST_FILE = "$(SRCROOT)/QQMusic/Main/Info.plist";
				IPHONEOS_DEPLOYMENT_TARGET = 9.0;
				LD_RUNPATH_SEARCH_PATHS = "$(inherited) @executable_path/Frameworks";
				OTHER_LDFLAGS = "";
				PRODUCT_BUNDLE_IDENTIFIER = com.faiwong.QQMusic;
				PRODUCT_NAME = "$(TARGET_NAME)";
				PROVISIONING_PROFILE = "4b89cad4-4d27-44a1-b9d3-4cc1b1159141";
				PROVISIONING_PROFILE_SPECIFIER = lilworldDevelopment;
				TARGETED_DEVICE_FAMILY = 1;
				USER_HEADER_SEARCH_PATHS = "/usr/include/libxml2/**";
			};
			name = Debug;
		};
		0C057BA01E67EB1E00B7A9CC /* Release */ = {
			isa = XCBuildConfiguration;
			buildSettings = {
				ASSETCATALOG_COMPILER_APPICON_NAME = AppIcon;
				ASSETCATALOG_COMPILER_LAUNCHIMAGE_NAME = LaunchImage;
				DEVELOPMENT_TEAM = "";
				GCC_PREFIX_HEADER = QQMusic/Main/QQMusic_PrefixHeader.pch;
				INFOPLIST_FILE = "$(SRCROOT)/QQMusic/Main/Info.plist";
				IPHONEOS_DEPLOYMENT_TARGET = 9.0;
				LD_RUNPATH_SEARCH_PATHS = "$(inherited) @executable_path/Frameworks";
				OTHER_LDFLAGS = "";
				PRODUCT_BUNDLE_IDENTIFIER = com.faiwong.QQMusic;
				PRODUCT_NAME = "$(TARGET_NAME)";
				TARGETED_DEVICE_FAMILY = 1;
				USER_HEADER_SEARCH_PATHS = "/usr/include/libxml2/**";
			};
			name = Release;
		};
/* End XCBuildConfiguration section */

/* Begin XCConfigurationList section */
		0C057B821E67EB1E00B7A9CC /* Build configuration list for PBXProject "QQMusic" */ = {
			isa = XCConfigurationList;
			buildConfigurations = (
				0C057B9C1E67EB1E00B7A9CC /* Debug */,
				0C057B9D1E67EB1E00B7A9CC /* Release */,
			);
			defaultConfigurationIsVisible = 0;
			defaultConfigurationName = Release;
		};
		0C057B9E1E67EB1E00B7A9CC /* Build configuration list for PBXNativeTarget "QQMusic" */ = {
			isa = XCConfigurationList;
			buildConfigurations = (
				0C057B9F1E67EB1E00B7A9CC /* Debug */,
				0C057BA01E67EB1E00B7A9CC /* Release */,
			);
			defaultConfigurationIsVisible = 0;
			defaultConfigurationName = Release;
		};
/* End XCConfigurationList section */
	};
	rootObject = 0C057B7F1E67EB1E00B7A9CC /* Project object */;
}
